// !$*UTF8*$!
{
	archiveVersion = 1;
	classes = {
	};
	objectVersion = 46;
	objects = {

/* Begin PBXBuildFile section */
		18BB7BBF155344F100E43DA7 /* QuartzCore.framework in Frameworks */ = {isa = PBXBuildFile; fileRef = 18BB7BBE155344F100E43DA7 /* QuartzCore.framework */; };
		18BB7BC1155344F100E43DA7 /* OpenGLES.framework in Frameworks */ = {isa = PBXBuildFile; fileRef = 18BB7BC0155344F100E43DA7 /* OpenGLES.framework */; };
		18BB7BC3155344F100E43DA7 /* OpenAL.framework in Frameworks */ = {isa = PBXBuildFile; fileRef = 18BB7BC2155344F100E43DA7 /* OpenAL.framework */; };
		18BB7BC5155344F100E43DA7 /* AudioToolbox.framework in Frameworks */ = {isa = PBXBuildFile; fileRef = 18BB7BC4155344F100E43DA7 /* AudioToolbox.framework */; };
		18BB7BC7155344F100E43DA7 /* AVFoundation.framework in Frameworks */ = {isa = PBXBuildFile; fileRef = 18BB7BC6155344F100E43DA7 /* AVFoundation.framework */; };
		18BB7BC9155344F100E43DA7 /* UIKit.framework in Frameworks */ = {isa = PBXBuildFile; fileRef = 18BB7BC8155344F100E43DA7 /* UIKit.framework */; };
		18BB7BCB155344F100E43DA7 /* Foundation.framework in Frameworks */ = {isa = PBXBuildFile; fileRef = 18BB7BCA155344F100E43DA7 /* Foundation.framework */; };
		18BB7BCD155344F100E43DA7 /* CoreGraphics.framework in Frameworks */ = {isa = PBXBuildFile; fileRef = 18BB7BCC155344F100E43DA7 /* CoreGraphics.framework */; };
		18BB7BD1155344F100E43DA7 /* Default.png in Resources */ = {isa = PBXBuildFile; fileRef = 18BB7BD0155344F100E43DA7 /* Default.png */; };
		18BB7BD3155344F100E43DA7 /* fps_images.png in Resources */ = {isa = PBXBuildFile; fileRef = 18BB7BD2155344F100E43DA7 /* fps_images.png */; };
		18BB7BD5155344F100E43DA7 /* Icon-72.png in Resources */ = {isa = PBXBuildFile; fileRef = 18BB7BD4155344F100E43DA7 /* Icon-72.png */; };
		18BB7BD7155344F100E43DA7 /* Icon-Small-50.png in Resources */ = {isa = PBXBuildFile; fileRef = 18BB7BD6155344F100E43DA7 /* Icon-Small-50.png */; };
		18BB7BD9155344F100E43DA7 /* Icon-Small.png in Resources */ = {isa = PBXBuildFile; fileRef = 18BB7BD8155344F100E43DA7 /* Icon-Small.png */; };
		18BB7BDB155344F100E43DA7 /* Icon-Small@2x.png in Resources */ = {isa = PBXBuildFile; fileRef = 18BB7BDA155344F100E43DA7 /* Icon-Small@2x.png */; };
		18BB7BDD155344F100E43DA7 /* Icon.png in Resources */ = {isa = PBXBuildFile; fileRef = 18BB7BDC155344F100E43DA7 /* Icon.png */; };
		18BB7BDF155344F100E43DA7 /* Icon@2x.png in Resources */ = {isa = PBXBuildFile; fileRef = 18BB7BDE155344F100E43DA7 /* Icon@2x.png */; };
		18BB7BE2155344F100E43DA7 /* iTunesArtwork in Resources */ = {isa = PBXBuildFile; fileRef = 18BB7BE1155344F100E43DA7 /* iTunesArtwork */; };
		18BB7BE7155344F100E43DA7 /* CCAction.m in Sources */ = {isa = PBXBuildFile; fileRef = 18BB7BE6155344F100E43DA7 /* CCAction.m */; };
		18BB7BEA155344F100E43DA7 /* CCActionCamera.m in Sources */ = {isa = PBXBuildFile; fileRef = 18BB7BE9155344F100E43DA7 /* CCActionCamera.m */; };
		18BB7BED155344F100E43DA7 /* CCActionEase.m in Sources */ = {isa = PBXBuildFile; fileRef = 18BB7BEC155344F100E43DA7 /* CCActionEase.m */; };
		18BB7BF0155344F100E43DA7 /* CCActionGrid.m in Sources */ = {isa = PBXBuildFile; fileRef = 18BB7BEF155344F100E43DA7 /* CCActionGrid.m */; };
		18BB7BF3155344F100E43DA7 /* CCActionGrid3D.m in Sources */ = {isa = PBXBuildFile; fileRef = 18BB7BF2155344F100E43DA7 /* CCActionGrid3D.m */; };
		18BB7BF6155344F100E43DA7 /* CCActionInstant.m in Sources */ = {isa = PBXBuildFile; fileRef = 18BB7BF5155344F100E43DA7 /* CCActionInstant.m */; };
		18BB7BF9155344F100E43DA7 /* CCActionInterval.m in Sources */ = {isa = PBXBuildFile; fileRef = 18BB7BF8155344F100E43DA7 /* CCActionInterval.m */; };
		18BB7BFC155344F100E43DA7 /* CCActionManager.m in Sources */ = {isa = PBXBuildFile; fileRef = 18BB7BFB155344F100E43DA7 /* CCActionManager.m */; };
		18BB7BFF155344F100E43DA7 /* CCActionPageTurn3D.m in Sources */ = {isa = PBXBuildFile; fileRef = 18BB7BFE155344F100E43DA7 /* CCActionPageTurn3D.m */; };
		18BB7C02155344F100E43DA7 /* CCActionProgressTimer.m in Sources */ = {isa = PBXBuildFile; fileRef = 18BB7C01155344F100E43DA7 /* CCActionProgressTimer.m */; };
		18BB7C05155344F100E43DA7 /* CCActionTiledGrid.m in Sources */ = {isa = PBXBuildFile; fileRef = 18BB7C04155344F100E43DA7 /* CCActionTiledGrid.m */; };
		18BB7C08155344F100E43DA7 /* CCActionTween.m in Sources */ = {isa = PBXBuildFile; fileRef = 18BB7C07155344F100E43DA7 /* CCActionTween.m */; };
		18BB7C0B155344F100E43DA7 /* CCAnimation.m in Sources */ = {isa = PBXBuildFile; fileRef = 18BB7C0A155344F100E43DA7 /* CCAnimation.m */; };
		18BB7C0E155344F100E43DA7 /* CCAnimationCache.m in Sources */ = {isa = PBXBuildFile; fileRef = 18BB7C0D155344F100E43DA7 /* CCAnimationCache.m */; };
		18BB7C11155344F100E43DA7 /* CCAtlasNode.m in Sources */ = {isa = PBXBuildFile; fileRef = 18BB7C10155344F100E43DA7 /* CCAtlasNode.m */; };
		18BB7C14155344F100E43DA7 /* CCBlockSupport.m in Sources */ = {isa = PBXBuildFile; fileRef = 18BB7C13155344F100E43DA7 /* CCBlockSupport.m */; };
		18BB7C17155344F100E43DA7 /* CCCamera.m in Sources */ = {isa = PBXBuildFile; fileRef = 18BB7C16155344F100E43DA7 /* CCCamera.m */; };
		18BB7C1B155344F100E43DA7 /* CCConfiguration.m in Sources */ = {isa = PBXBuildFile; fileRef = 18BB7C1A155344F100E43DA7 /* CCConfiguration.m */; };
		18BB7C1E155344F100E43DA7 /* CCDirector.m in Sources */ = {isa = PBXBuildFile; fileRef = 18BB7C1D155344F100E43DA7 /* CCDirector.m */; };
		18BB7C21155344F100E43DA7 /* CCDrawingPrimitives.m in Sources */ = {isa = PBXBuildFile; fileRef = 18BB7C20155344F100E43DA7 /* CCDrawingPrimitives.m */; };
		18BB7C24155344F100E43DA7 /* CCGrabber.m in Sources */ = {isa = PBXBuildFile; fileRef = 18BB7C23155344F100E43DA7 /* CCGrabber.m */; };
		18BB7C27155344F100E43DA7 /* CCGrid.m in Sources */ = {isa = PBXBuildFile; fileRef = 18BB7C26155344F100E43DA7 /* CCGrid.m */; };
		18BB7C2A155344F100E43DA7 /* CCLabelAtlas.m in Sources */ = {isa = PBXBuildFile; fileRef = 18BB7C29155344F100E43DA7 /* CCLabelAtlas.m */; };
		18BB7C2D155344F100E43DA7 /* CCLabelBMFont.m in Sources */ = {isa = PBXBuildFile; fileRef = 18BB7C2C155344F100E43DA7 /* CCLabelBMFont.m */; };
		18BB7C30155344F100E43DA7 /* CCLabelTTF.m in Sources */ = {isa = PBXBuildFile; fileRef = 18BB7C2F155344F100E43DA7 /* CCLabelTTF.m */; };
		18BB7C33155344F100E43DA7 /* CCLayer.m in Sources */ = {isa = PBXBuildFile; fileRef = 18BB7C32155344F100E43DA7 /* CCLayer.m */; };
		18BB7C37155344F100E43DA7 /* CCMenu.m in Sources */ = {isa = PBXBuildFile; fileRef = 18BB7C36155344F100E43DA7 /* CCMenu.m */; };
		18BB7C3A155344F100E43DA7 /* CCMenuItem.m in Sources */ = {isa = PBXBuildFile; fileRef = 18BB7C39155344F100E43DA7 /* CCMenuItem.m */; };
		18BB7C3D155344F100E43DA7 /* CCMotionStreak.m in Sources */ = {isa = PBXBuildFile; fileRef = 18BB7C3C155344F100E43DA7 /* CCMotionStreak.m */; };
		18BB7C40155344F100E43DA7 /* CCNode.m in Sources */ = {isa = PBXBuildFile; fileRef = 18BB7C3F155344F100E43DA7 /* CCNode.m */; };
		18BB7C43155344F100E43DA7 /* CCParallaxNode.m in Sources */ = {isa = PBXBuildFile; fileRef = 18BB7C42155344F100E43DA7 /* CCParallaxNode.m */; };
		18BB7C46155344F100E43DA7 /* CCParticleExamples.m in Sources */ = {isa = PBXBuildFile; fileRef = 18BB7C45155344F100E43DA7 /* CCParticleExamples.m */; };
		18BB7C49155344F100E43DA7 /* CCParticleSystem.m in Sources */ = {isa = PBXBuildFile; fileRef = 18BB7C48155344F100E43DA7 /* CCParticleSystem.m */; };
		18BB7C4C155344F100E43DA7 /* CCParticleSystemPoint.m in Sources */ = {isa = PBXBuildFile; fileRef = 18BB7C4B155344F100E43DA7 /* CCParticleSystemPoint.m */; };
		18BB7C4F155344F100E43DA7 /* CCParticleSystemQuad.m in Sources */ = {isa = PBXBuildFile; fileRef = 18BB7C4E155344F100E43DA7 /* CCParticleSystemQuad.m */; };
		18BB7C52155344F100E43DA7 /* CCProgressTimer.m in Sources */ = {isa = PBXBuildFile; fileRef = 18BB7C51155344F100E43DA7 /* CCProgressTimer.m */; };
		18BB7C56155344F100E43DA7 /* CCRenderTexture.m in Sources */ = {isa = PBXBuildFile; fileRef = 18BB7C55155344F100E43DA7 /* CCRenderTexture.m */; };
		18BB7C59155344F100E43DA7 /* CCRibbon.m in Sources */ = {isa = PBXBuildFile; fileRef = 18BB7C58155344F100E43DA7 /* CCRibbon.m */; };
		18BB7C5C155344F100E43DA7 /* CCScene.m in Sources */ = {isa = PBXBuildFile; fileRef = 18BB7C5B155344F100E43DA7 /* CCScene.m */; };
		18BB7C5F155344F100E43DA7 /* CCScheduler.m in Sources */ = {isa = PBXBuildFile; fileRef = 18BB7C5E155344F100E43DA7 /* CCScheduler.m */; };
		18BB7C62155344F100E43DA7 /* CCSprite.m in Sources */ = {isa = PBXBuildFile; fileRef = 18BB7C61155344F100E43DA7 /* CCSprite.m */; };
		18BB7C65155344F200E43DA7 /* CCSpriteBatchNode.m in Sources */ = {isa = PBXBuildFile; fileRef = 18BB7C64155344F200E43DA7 /* CCSpriteBatchNode.m */; };
		18BB7C68155344F200E43DA7 /* CCSpriteFrame.m in Sources */ = {isa = PBXBuildFile; fileRef = 18BB7C67155344F200E43DA7 /* CCSpriteFrame.m */; };
		18BB7C6B155344F200E43DA7 /* CCSpriteFrameCache.m in Sources */ = {isa = PBXBuildFile; fileRef = 18BB7C6A155344F200E43DA7 /* CCSpriteFrameCache.m */; };
		18BB7C6E155344F200E43DA7 /* CCTexture2D.m in Sources */ = {isa = PBXBuildFile; fileRef = 18BB7C6D155344F200E43DA7 /* CCTexture2D.m */; };
		18BB7C71155344F200E43DA7 /* CCTextureAtlas.m in Sources */ = {isa = PBXBuildFile; fileRef = 18BB7C70155344F200E43DA7 /* CCTextureAtlas.m */; };
		18BB7C74155344F200E43DA7 /* CCTextureCache.m in Sources */ = {isa = PBXBuildFile; fileRef = 18BB7C73155344F200E43DA7 /* CCTextureCache.m */; };
		18BB7C77155344F200E43DA7 /* CCTexturePVR.m in Sources */ = {isa = PBXBuildFile; fileRef = 18BB7C76155344F200E43DA7 /* CCTexturePVR.m */; };
		18BB7C7A155344F200E43DA7 /* CCTileMapAtlas.m in Sources */ = {isa = PBXBuildFile; fileRef = 18BB7C79155344F200E43DA7 /* CCTileMapAtlas.m */; };
		18BB7C7D155344F200E43DA7 /* CCTMXLayer.m in Sources */ = {isa = PBXBuildFile; fileRef = 18BB7C7C155344F200E43DA7 /* CCTMXLayer.m */; };
		18BB7C80155344F200E43DA7 /* CCTMXObjectGroup.m in Sources */ = {isa = PBXBuildFile; fileRef = 18BB7C7F155344F200E43DA7 /* CCTMXObjectGroup.m */; };
		18BB7C83155344F200E43DA7 /* CCTMXTiledMap.m in Sources */ = {isa = PBXBuildFile; fileRef = 18BB7C82155344F200E43DA7 /* CCTMXTiledMap.m */; };
		18BB7C86155344F200E43DA7 /* CCTMXXMLParser.m in Sources */ = {isa = PBXBuildFile; fileRef = 18BB7C85155344F200E43DA7 /* CCTMXXMLParser.m */; };
		18BB7C89155344F200E43DA7 /* CCTransition.m in Sources */ = {isa = PBXBuildFile; fileRef = 18BB7C88155344F200E43DA7 /* CCTransition.m */; };
		18BB7C8C155344F200E43DA7 /* CCTransitionPageTurn.m in Sources */ = {isa = PBXBuildFile; fileRef = 18BB7C8B155344F200E43DA7 /* CCTransitionPageTurn.m */; };
		18BB7C8F155344F200E43DA7 /* CCTransitionRadial.m in Sources */ = {isa = PBXBuildFile; fileRef = 18BB7C8E155344F200E43DA7 /* CCTransitionRadial.m */; };
		18BB7C93155344F200E43DA7 /* cocos2d.m in Sources */ = {isa = PBXBuildFile; fileRef = 18BB7C92155344F200E43DA7 /* cocos2d.m */; };
		18BB7C9A155344F200E43DA7 /* CCDirectorIOS.m in Sources */ = {isa = PBXBuildFile; fileRef = 18BB7C99155344F200E43DA7 /* CCDirectorIOS.m */; };
		18BB7C9E155344F200E43DA7 /* CCTouchDispatcher.m in Sources */ = {isa = PBXBuildFile; fileRef = 18BB7C9D155344F200E43DA7 /* CCTouchDispatcher.m */; };
		18BB7CA1155344F200E43DA7 /* CCTouchHandler.m in Sources */ = {isa = PBXBuildFile; fileRef = 18BB7CA0155344F200E43DA7 /* CCTouchHandler.m */; };
		18BB7CA4155344F200E43DA7 /* EAGLView.m in Sources */ = {isa = PBXBuildFile; fileRef = 18BB7CA3155344F200E43DA7 /* EAGLView.m */; };
		18BB7CA7155344F200E43DA7 /* ES1Renderer.m in Sources */ = {isa = PBXBuildFile; fileRef = 18BB7CA6155344F200E43DA7 /* ES1Renderer.m */; };
		18BB7CAA155344F200E43DA7 /* glu.c in Sources */ = {isa = PBXBuildFile; fileRef = 18BB7CA9155344F200E43DA7 /* glu.c */; };
		18BB7CAF155344F200E43DA7 /* CCDirectorMac.m in Sources */ = {isa = PBXBuildFile; fileRef = 18BB7CAE155344F200E43DA7 /* CCDirectorMac.m */; };
		18BB7CB2155344F200E43DA7 /* CCEventDispatcher.m in Sources */ = {isa = PBXBuildFile; fileRef = 18BB7CB1155344F200E43DA7 /* CCEventDispatcher.m */; };
		18BB7CB5155344F200E43DA7 /* MacGLView.m in Sources */ = {isa = PBXBuildFile; fileRef = 18BB7CB4155344F200E43DA7 /* MacGLView.m */; };
		18BB7CB8155344F200E43DA7 /* MacWindow.m in Sources */ = {isa = PBXBuildFile; fileRef = 18BB7CB7155344F200E43DA7 /* MacWindow.m */; };
		18BB7CBB155344F200E43DA7 /* base64.c in Sources */ = {isa = PBXBuildFile; fileRef = 18BB7CBA155344F200E43DA7 /* base64.c */; };
		18BB7CBF155344F200E43DA7 /* CCArray.m in Sources */ = {isa = PBXBuildFile; fileRef = 18BB7CBE155344F200E43DA7 /* CCArray.m */; };
		18BB7CC3155344F200E43DA7 /* CCFileUtils.m in Sources */ = {isa = PBXBuildFile; fileRef = 18BB7CC2155344F200E43DA7 /* CCFileUtils.m */; };
		18BB7CC6155344F200E43DA7 /* CCProfiling.m in Sources */ = {isa = PBXBuildFile; fileRef = 18BB7CC5155344F200E43DA7 /* CCProfiling.m */; };
		18BB7CC8155344F200E43DA7 /* ccUtils.c in Sources */ = {isa = PBXBuildFile; fileRef = 18BB7CC7155344F200E43DA7 /* ccUtils.c */; };
		18BB7CCC155344F200E43DA7 /* CGPointExtension.m in Sources */ = {isa = PBXBuildFile; fileRef = 18BB7CCB155344F200E43DA7 /* CGPointExtension.m */; };
		18BB7CD0155344F200E43DA7 /* TGAlib.m in Sources */ = {isa = PBXBuildFile; fileRef = 18BB7CCF155344F200E43DA7 /* TGAlib.m */; };
		18BB7CD3155344F200E43DA7 /* TransformUtils.m in Sources */ = {isa = PBXBuildFile; fileRef = 18BB7CD2155344F200E43DA7 /* TransformUtils.m */; };
		18BB7CD8155344F200E43DA7 /* ZipUtils.m in Sources */ = {isa = PBXBuildFile; fileRef = 18BB7CD7155344F200E43DA7 /* ZipUtils.m */; };
		18BB7CDD155344F200E43DA7 /* CDAudioManager.m in Sources */ = {isa = PBXBuildFile; fileRef = 18BB7CDC155344F200E43DA7 /* CDAudioManager.m */; };
		18BB7CE1155344F200E43DA7 /* CDOpenALSupport.m in Sources */ = {isa = PBXBuildFile; fileRef = 18BB7CE0155344F200E43DA7 /* CDOpenALSupport.m */; };
		18BB7CE4155344F200E43DA7 /* CocosDenshion.m in Sources */ = {isa = PBXBuildFile; fileRef = 18BB7CE3155344F200E43DA7 /* CocosDenshion.m */; };
		18BB7CE7155344F200E43DA7 /* SimpleAudioEngine.m in Sources */ = {isa = PBXBuildFile; fileRef = 18BB7CE6155344F200E43DA7 /* SimpleAudioEngine.m */; };
		18BB7CEC155344F200E43DA7 /* CLScoreServerPost.m in Sources */ = {isa = PBXBuildFile; fileRef = 18BB7CEB155344F200E43DA7 /* CLScoreServerPost.m */; };
		18BB7CEF155344F200E43DA7 /* CLScoreServerRequest.m in Sources */ = {isa = PBXBuildFile; fileRef = 18BB7CEE155344F200E43DA7 /* CLScoreServerRequest.m */; };
		18BB7CF2155344F200E43DA7 /* cocoslive.m in Sources */ = {isa = PBXBuildFile; fileRef = 18BB7CF1155344F200E43DA7 /* cocoslive.m */; };
		18BB7CF7155344F200E43DA7 /* CDataScanner.m in Sources */ = {isa = PBXBuildFile; fileRef = 18BB7CF6155344F200E43DA7 /* CDataScanner.m */; };
		18BB7CFB155344F200E43DA7 /* CDataScanner_Extensions.m in Sources */ = {isa = PBXBuildFile; fileRef = 18BB7CFA155344F200E43DA7 /* CDataScanner_Extensions.m */; };
		18BB7CFE155344F200E43DA7 /* NSDictionary_JSONExtensions.m in Sources */ = {isa = PBXBuildFile; fileRef = 18BB7CFD155344F200E43DA7 /* NSDictionary_JSONExtensions.m */; };
		18BB7D02155344F200E43DA7 /* CJSONDeserializer.m in Sources */ = {isa = PBXBuildFile; fileRef = 18BB7D01155344F200E43DA7 /* CJSONDeserializer.m */; };
		18BB7D05155344F200E43DA7 /* CJSONScanner.m in Sources */ = {isa = PBXBuildFile; fileRef = 18BB7D04155344F200E43DA7 /* CJSONScanner.m */; };
		18BB7D08155344F200E43DA7 /* CJSONSerializer.m in Sources */ = {isa = PBXBuildFile; fileRef = 18BB7D07155344F200E43DA7 /* CJSONSerializer.m */; };
		18BB7D0D155344F200E43DA7 /* FontLabel.m in Sources */ = {isa = PBXBuildFile; fileRef = 18BB7D0C155344F200E43DA7 /* FontLabel.m */; };
		18BB7D10155344F300E43DA7 /* FontLabelStringDrawing.m in Sources */ = {isa = PBXBuildFile; fileRef = 18BB7D0F155344F300E43DA7 /* FontLabelStringDrawing.m */; };
		18BB7D13155344F300E43DA7 /* FontManager.m in Sources */ = {isa = PBXBuildFile; fileRef = 18BB7D12155344F300E43DA7 /* FontManager.m */; };
		18BB7D16155344F300E43DA7 /* ZAttributedString.m in Sources */ = {isa = PBXBuildFile; fileRef = 18BB7D15155344F300E43DA7 /* ZAttributedString.m */; };
		18BB7D1A155344F300E43DA7 /* ZFont.m in Sources */ = {isa = PBXBuildFile; fileRef = 18BB7D19155344F300E43DA7 /* ZFont.m */; };
		18BB7D1F155344F300E43DA7 /* main.m in Sources */ = {isa = PBXBuildFile; fileRef = 18BB7D1E155344F300E43DA7 /* main.m */; };
		18BB7D22155344F300E43DA7 /* AppDelegate.m in Sources */ = {isa = PBXBuildFile; fileRef = 18BB7D21155344F300E43DA7 /* AppDelegate.m */; };
		18BB7D25155344F300E43DA7 /* RootViewController.m in Sources */ = {isa = PBXBuildFile; fileRef = 18BB7D24155344F300E43DA7 /* RootViewController.m */; };
		18BB7D28155344F300E43DA7 /* HelloWorldLayer.m in Sources */ = {isa = PBXBuildFile; fileRef = 18BB7D27155344F300E43DA7 /* HelloWorldLayer.m */; };
/* End PBXBuildFile section */

/* Begin PBXFileReference section */
		18BB7BBA155344F000E43DA7 /* Keydom.app */ = {isa = PBXFileReference; explicitFileType = wrapper.application; includeInIndex = 0; path = Keydom.app; sourceTree = BUILT_PRODUCTS_DIR; };
		18BB7BBE155344F100E43DA7 /* QuartzCore.framework */ = {isa = PBXFileReference; lastKnownFileType = wrapper.framework; name = QuartzCore.framework; path = System/Library/Frameworks/QuartzCore.framework; sourceTree = SDKROOT; };
		18BB7BC0155344F100E43DA7 /* OpenGLES.framework */ = {isa = PBXFileReference; lastKnownFileType = wrapper.framework; name = OpenGLES.framework; path = System/Library/Frameworks/OpenGLES.framework; sourceTree = SDKROOT; };
		18BB7BC2155344F100E43DA7 /* OpenAL.framework */ = {isa = PBXFileReference; lastKnownFileType = wrapper.framework; name = OpenAL.framework; path = System/Library/Frameworks/OpenAL.framework; sourceTree = SDKROOT; };
		18BB7BC4155344F100E43DA7 /* AudioToolbox.framework */ = {isa = PBXFileReference; lastKnownFileType = wrapper.framework; name = AudioToolbox.framework; path = System/Library/Frameworks/AudioToolbox.framework; sourceTree = SDKROOT; };
		18BB7BC6155344F100E43DA7 /* AVFoundation.framework */ = {isa = PBXFileReference; lastKnownFileType = wrapper.framework; name = AVFoundation.framework; path = System/Library/Frameworks/AVFoundation.framework; sourceTree = SDKROOT; };
		18BB7BC8155344F100E43DA7 /* UIKit.framework */ = {isa = PBXFileReference; lastKnownFileType = wrapper.framework; name = UIKit.framework; path = System/Library/Frameworks/UIKit.framework; sourceTree = SDKROOT; };
		18BB7BCA155344F100E43DA7 /* Foundation.framework */ = {isa = PBXFileReference; lastKnownFileType = wrapper.framework; name = Foundation.framework; path = System/Library/Frameworks/Foundation.framework; sourceTree = SDKROOT; };
		18BB7BCC155344F100E43DA7 /* CoreGraphics.framework */ = {isa = PBXFileReference; lastKnownFileType = wrapper.framework; name = CoreGraphics.framework; path = System/Library/Frameworks/CoreGraphics.framework; sourceTree = SDKROOT; };
		18BB7BD0155344F100E43DA7 /* Default.png */ = {isa = PBXFileReference; lastKnownFileType = image.png; name = Default.png; path = Resources/Default.png; sourceTree = "<group>"; };
		18BB7BD2155344F100E43DA7 /* fps_images.png */ = {isa = PBXFileReference; lastKnownFileType = image.png; name = fps_images.png; path = Resources/fps_images.png; sourceTree = "<group>"; };
		18BB7BD4155344F100E43DA7 /* Icon-72.png */ = {isa = PBXFileReference; lastKnownFileType = image.png; name = "Icon-72.png"; path = "Resources/Icon-72.png"; sourceTree = "<group>"; };
		18BB7BD6155344F100E43DA7 /* Icon-Small-50.png */ = {isa = PBXFileReference; lastKnownFileType = image.png; name = "Icon-Small-50.png"; path = "Resources/Icon-Small-50.png"; sourceTree = "<group>"; };
		18BB7BD8155344F100E43DA7 /* Icon-Small.png */ = {isa = PBXFileReference; lastKnownFileType = image.png; name = "Icon-Small.png"; path = "Resources/Icon-Small.png"; sourceTree = "<group>"; };
		18BB7BDA155344F100E43DA7 /* Icon-Small@2x.png */ = {isa = PBXFileReference; lastKnownFileType = image.png; name = "Icon-Small@2x.png"; path = "Resources/Icon-Small@2x.png"; sourceTree = "<group>"; };
		18BB7BDC155344F100E43DA7 /* Icon.png */ = {isa = PBXFileReference; lastKnownFileType = image.png; name = Icon.png; path = Resources/Icon.png; sourceTree = "<group>"; };
		18BB7BDE155344F100E43DA7 /* Icon@2x.png */ = {isa = PBXFileReference; lastKnownFileType = image.png; name = "Icon@2x.png"; path = "Resources/Icon@2x.png"; sourceTree = "<group>"; };
		18BB7BE0155344F100E43DA7 /* Info.plist */ = {isa = PBXFileReference; name = Info.plist; path = Resources/Info.plist; sourceTree = "<group>"; };
		18BB7BE1155344F100E43DA7 /* iTunesArtwork */ = {isa = PBXFileReference; lastKnownFileType = file; name = iTunesArtwork; path = Resources/iTunesArtwork; sourceTree = "<group>"; };
		18BB7BE5155344F100E43DA7 /* CCAction.h */ = {isa = PBXFileReference; name = CCAction.h; path = libs/cocos2d/CCAction.h; sourceTree = "<group>"; };
		18BB7BE6155344F100E43DA7 /* CCAction.m */ = {isa = PBXFileReference; lastKnownFileType = sourcecode.c.objc; name = CCAction.m; path = libs/cocos2d/CCAction.m; sourceTree = "<group>"; };
		18BB7BE8155344F100E43DA7 /* CCActionCamera.h */ = {isa = PBXFileReference; name = CCActionCamera.h; path = libs/cocos2d/CCActionCamera.h; sourceTree = "<group>"; };
		18BB7BE9155344F100E43DA7 /* CCActionCamera.m */ = {isa = PBXFileReference; lastKnownFileType = sourcecode.c.objc; name = CCActionCamera.m; path = libs/cocos2d/CCActionCamera.m; sourceTree = "<group>"; };
		18BB7BEB155344F100E43DA7 /* CCActionEase.h */ = {isa = PBXFileReference; name = CCActionEase.h; path = libs/cocos2d/CCActionEase.h; sourceTree = "<group>"; };
		18BB7BEC155344F100E43DA7 /* CCActionEase.m */ = {isa = PBXFileReference; lastKnownFileType = sourcecode.c.objc; name = CCActionEase.m; path = libs/cocos2d/CCActionEase.m; sourceTree = "<group>"; };
		18BB7BEE155344F100E43DA7 /* CCActionGrid.h */ = {isa = PBXFileReference; name = CCActionGrid.h; path = libs/cocos2d/CCActionGrid.h; sourceTree = "<group>"; };
		18BB7BEF155344F100E43DA7 /* CCActionGrid.m */ = {isa = PBXFileReference; lastKnownFileType = sourcecode.c.objc; name = CCActionGrid.m; path = libs/cocos2d/CCActionGrid.m; sourceTree = "<group>"; };
		18BB7BF1155344F100E43DA7 /* CCActionGrid3D.h */ = {isa = PBXFileReference; name = CCActionGrid3D.h; path = libs/cocos2d/CCActionGrid3D.h; sourceTree = "<group>"; };
		18BB7BF2155344F100E43DA7 /* CCActionGrid3D.m */ = {isa = PBXFileReference; lastKnownFileType = sourcecode.c.objc; name = CCActionGrid3D.m; path = libs/cocos2d/CCActionGrid3D.m; sourceTree = "<group>"; };
		18BB7BF4155344F100E43DA7 /* CCActionInstant.h */ = {isa = PBXFileReference; name = CCActionInstant.h; path = libs/cocos2d/CCActionInstant.h; sourceTree = "<group>"; };
		18BB7BF5155344F100E43DA7 /* CCActionInstant.m */ = {isa = PBXFileReference; lastKnownFileType = sourcecode.c.objc; name = CCActionInstant.m; path = libs/cocos2d/CCActionInstant.m; sourceTree = "<group>"; };
		18BB7BF7155344F100E43DA7 /* CCActionInterval.h */ = {isa = PBXFileReference; name = CCActionInterval.h; path = libs/cocos2d/CCActionInterval.h; sourceTree = "<group>"; };
		18BB7BF8155344F100E43DA7 /* CCActionInterval.m */ = {isa = PBXFileReference; lastKnownFileType = sourcecode.c.objc; name = CCActionInterval.m; path = libs/cocos2d/CCActionInterval.m; sourceTree = "<group>"; };
		18BB7BFA155344F100E43DA7 /* CCActionManager.h */ = {isa = PBXFileReference; name = CCActionManager.h; path = libs/cocos2d/CCActionManager.h; sourceTree = "<group>"; };
		18BB7BFB155344F100E43DA7 /* CCActionManager.m */ = {isa = PBXFileReference; lastKnownFileType = sourcecode.c.objc; name = CCActionManager.m; path = libs/cocos2d/CCActionManager.m; sourceTree = "<group>"; };
		18BB7BFD155344F100E43DA7 /* CCActionPageTurn3D.h */ = {isa = PBXFileReference; name = CCActionPageTurn3D.h; path = libs/cocos2d/CCActionPageTurn3D.h; sourceTree = "<group>"; };
		18BB7BFE155344F100E43DA7 /* CCActionPageTurn3D.m */ = {isa = PBXFileReference; lastKnownFileType = sourcecode.c.objc; name = CCActionPageTurn3D.m; path = libs/cocos2d/CCActionPageTurn3D.m; sourceTree = "<group>"; };
		18BB7C00155344F100E43DA7 /* CCActionProgressTimer.h */ = {isa = PBXFileReference; name = CCActionProgressTimer.h; path = libs/cocos2d/CCActionProgressTimer.h; sourceTree = "<group>"; };
		18BB7C01155344F100E43DA7 /* CCActionProgressTimer.m */ = {isa = PBXFileReference; lastKnownFileType = sourcecode.c.objc; name = CCActionProgressTimer.m; path = libs/cocos2d/CCActionProgressTimer.m; sourceTree = "<group>"; };
		18BB7C03155344F100E43DA7 /* CCActionTiledGrid.h */ = {isa = PBXFileReference; name = CCActionTiledGrid.h; path = libs/cocos2d/CCActionTiledGrid.h; sourceTree = "<group>"; };
		18BB7C04155344F100E43DA7 /* CCActionTiledGrid.m */ = {isa = PBXFileReference; lastKnownFileType = sourcecode.c.objc; name = CCActionTiledGrid.m; path = libs/cocos2d/CCActionTiledGrid.m; sourceTree = "<group>"; };
		18BB7C06155344F100E43DA7 /* CCActionTween.h */ = {isa = PBXFileReference; name = CCActionTween.h; path = libs/cocos2d/CCActionTween.h; sourceTree = "<group>"; };
		18BB7C07155344F100E43DA7 /* CCActionTween.m */ = {isa = PBXFileReference; lastKnownFileType = sourcecode.c.objc; name = CCActionTween.m; path = libs/cocos2d/CCActionTween.m; sourceTree = "<group>"; };
		18BB7C09155344F100E43DA7 /* CCAnimation.h */ = {isa = PBXFileReference; name = CCAnimation.h; path = libs/cocos2d/CCAnimation.h; sourceTree = "<group>"; };
		18BB7C0A155344F100E43DA7 /* CCAnimation.m */ = {isa = PBXFileReference; lastKnownFileType = sourcecode.c.objc; name = CCAnimation.m; path = libs/cocos2d/CCAnimation.m; sourceTree = "<group>"; };
		18BB7C0C155344F100E43DA7 /* CCAnimationCache.h */ = {isa = PBXFileReference; name = CCAnimationCache.h; path = libs/cocos2d/CCAnimationCache.h; sourceTree = "<group>"; };
		18BB7C0D155344F100E43DA7 /* CCAnimationCache.m */ = {isa = PBXFileReference; lastKnownFileType = sourcecode.c.objc; name = CCAnimationCache.m; path = libs/cocos2d/CCAnimationCache.m; sourceTree = "<group>"; };
		18BB7C0F155344F100E43DA7 /* CCAtlasNode.h */ = {isa = PBXFileReference; name = CCAtlasNode.h; path = libs/cocos2d/CCAtlasNode.h; sourceTree = "<group>"; };
		18BB7C10155344F100E43DA7 /* CCAtlasNode.m */ = {isa = PBXFileReference; lastKnownFileType = sourcecode.c.objc; name = CCAtlasNode.m; path = libs/cocos2d/CCAtlasNode.m; sourceTree = "<group>"; };
		18BB7C12155344F100E43DA7 /* CCBlockSupport.h */ = {isa = PBXFileReference; name = CCBlockSupport.h; path = libs/cocos2d/CCBlockSupport.h; sourceTree = "<group>"; };
		18BB7C13155344F100E43DA7 /* CCBlockSupport.m */ = {isa = PBXFileReference; lastKnownFileType = sourcecode.c.objc; name = CCBlockSupport.m; path = libs/cocos2d/CCBlockSupport.m; sourceTree = "<group>"; };
		18BB7C15155344F100E43DA7 /* CCCamera.h */ = {isa = PBXFileReference; name = CCCamera.h; path = libs/cocos2d/CCCamera.h; sourceTree = "<group>"; };
		18BB7C16155344F100E43DA7 /* CCCamera.m */ = {isa = PBXFileReference; lastKnownFileType = sourcecode.c.objc; name = CCCamera.m; path = libs/cocos2d/CCCamera.m; sourceTree = "<group>"; };
		18BB7C18155344F100E43DA7 /* ccConfig.h */ = {isa = PBXFileReference; name = ccConfig.h; path = libs/cocos2d/ccConfig.h; sourceTree = "<group>"; };
		18BB7C19155344F100E43DA7 /* CCConfiguration.h */ = {isa = PBXFileReference; name = CCConfiguration.h; path = libs/cocos2d/CCConfiguration.h; sourceTree = "<group>"; };
		18BB7C1A155344F100E43DA7 /* CCConfiguration.m */ = {isa = PBXFileReference; lastKnownFileType = sourcecode.c.objc; name = CCConfiguration.m; path = libs/cocos2d/CCConfiguration.m; sourceTree = "<group>"; };
		18BB7C1C155344F100E43DA7 /* CCDirector.h */ = {isa = PBXFileReference; name = CCDirector.h; path = libs/cocos2d/CCDirector.h; sourceTree = "<group>"; };
		18BB7C1D155344F100E43DA7 /* CCDirector.m */ = {isa = PBXFileReference; lastKnownFileType = sourcecode.c.objc; name = CCDirector.m; path = libs/cocos2d/CCDirector.m; sourceTree = "<group>"; };
		18BB7C1F155344F100E43DA7 /* CCDrawingPrimitives.h */ = {isa = PBXFileReference; name = CCDrawingPrimitives.h; path = libs/cocos2d/CCDrawingPrimitives.h; sourceTree = "<group>"; };
		18BB7C20155344F100E43DA7 /* CCDrawingPrimitives.m */ = {isa = PBXFileReference; lastKnownFileType = sourcecode.c.objc; name = CCDrawingPrimitives.m; path = libs/cocos2d/CCDrawingPrimitives.m; sourceTree = "<group>"; };
		18BB7C22155344F100E43DA7 /* CCGrabber.h */ = {isa = PBXFileReference; name = CCGrabber.h; path = libs/cocos2d/CCGrabber.h; sourceTree = "<group>"; };
		18BB7C23155344F100E43DA7 /* CCGrabber.m */ = {isa = PBXFileReference; lastKnownFileType = sourcecode.c.objc; name = CCGrabber.m; path = libs/cocos2d/CCGrabber.m; sourceTree = "<group>"; };
		18BB7C25155344F100E43DA7 /* CCGrid.h */ = {isa = PBXFileReference; name = CCGrid.h; path = libs/cocos2d/CCGrid.h; sourceTree = "<group>"; };
		18BB7C26155344F100E43DA7 /* CCGrid.m */ = {isa = PBXFileReference; lastKnownFileType = sourcecode.c.objc; name = CCGrid.m; path = libs/cocos2d/CCGrid.m; sourceTree = "<group>"; };
		18BB7C28155344F100E43DA7 /* CCLabelAtlas.h */ = {isa = PBXFileReference; name = CCLabelAtlas.h; path = libs/cocos2d/CCLabelAtlas.h; sourceTree = "<group>"; };
		18BB7C29155344F100E43DA7 /* CCLabelAtlas.m */ = {isa = PBXFileReference; lastKnownFileType = sourcecode.c.objc; name = CCLabelAtlas.m; path = libs/cocos2d/CCLabelAtlas.m; sourceTree = "<group>"; };
		18BB7C2B155344F100E43DA7 /* CCLabelBMFont.h */ = {isa = PBXFileReference; name = CCLabelBMFont.h; path = libs/cocos2d/CCLabelBMFont.h; sourceTree = "<group>"; };
		18BB7C2C155344F100E43DA7 /* CCLabelBMFont.m */ = {isa = PBXFileReference; lastKnownFileType = sourcecode.c.objc; name = CCLabelBMFont.m; path = libs/cocos2d/CCLabelBMFont.m; sourceTree = "<group>"; };
		18BB7C2E155344F100E43DA7 /* CCLabelTTF.h */ = {isa = PBXFileReference; name = CCLabelTTF.h; path = libs/cocos2d/CCLabelTTF.h; sourceTree = "<group>"; };
		18BB7C2F155344F100E43DA7 /* CCLabelTTF.m */ = {isa = PBXFileReference; lastKnownFileType = sourcecode.c.objc; name = CCLabelTTF.m; path = libs/cocos2d/CCLabelTTF.m; sourceTree = "<group>"; };
		18BB7C31155344F100E43DA7 /* CCLayer.h */ = {isa = PBXFileReference; name = CCLayer.h; path = libs/cocos2d/CCLayer.h; sourceTree = "<group>"; };
		18BB7C32155344F100E43DA7 /* CCLayer.m */ = {isa = PBXFileReference; lastKnownFileType = sourcecode.c.objc; name = CCLayer.m; path = libs/cocos2d/CCLayer.m; sourceTree = "<group>"; };
		18BB7C34155344F100E43DA7 /* ccMacros.h */ = {isa = PBXFileReference; name = ccMacros.h; path = libs/cocos2d/ccMacros.h; sourceTree = "<group>"; };
		18BB7C35155344F100E43DA7 /* CCMenu.h */ = {isa = PBXFileReference; name = CCMenu.h; path = libs/cocos2d/CCMenu.h; sourceTree = "<group>"; };
		18BB7C36155344F100E43DA7 /* CCMenu.m */ = {isa = PBXFileReference; lastKnownFileType = sourcecode.c.objc; name = CCMenu.m; path = libs/cocos2d/CCMenu.m; sourceTree = "<group>"; };
		18BB7C38155344F100E43DA7 /* CCMenuItem.h */ = {isa = PBXFileReference; name = CCMenuItem.h; path = libs/cocos2d/CCMenuItem.h; sourceTree = "<group>"; };
		18BB7C39155344F100E43DA7 /* CCMenuItem.m */ = {isa = PBXFileReference; lastKnownFileType = sourcecode.c.objc; name = CCMenuItem.m; path = libs/cocos2d/CCMenuItem.m; sourceTree = "<group>"; };
		18BB7C3B155344F100E43DA7 /* CCMotionStreak.h */ = {isa = PBXFileReference; name = CCMotionStreak.h; path = libs/cocos2d/CCMotionStreak.h; sourceTree = "<group>"; };
		18BB7C3C155344F100E43DA7 /* CCMotionStreak.m */ = {isa = PBXFileReference; lastKnownFileType = sourcecode.c.objc; name = CCMotionStreak.m; path = libs/cocos2d/CCMotionStreak.m; sourceTree = "<group>"; };
		18BB7C3E155344F100E43DA7 /* CCNode.h */ = {isa = PBXFileReference; name = CCNode.h; path = libs/cocos2d/CCNode.h; sourceTree = "<group>"; };
		18BB7C3F155344F100E43DA7 /* CCNode.m */ = {isa = PBXFileReference; lastKnownFileType = sourcecode.c.objc; name = CCNode.m; path = libs/cocos2d/CCNode.m; sourceTree = "<group>"; };
		18BB7C41155344F100E43DA7 /* CCParallaxNode.h */ = {isa = PBXFileReference; name = CCParallaxNode.h; path = libs/cocos2d/CCParallaxNode.h; sourceTree = "<group>"; };
		18BB7C42155344F100E43DA7 /* CCParallaxNode.m */ = {isa = PBXFileReference; lastKnownFileType = sourcecode.c.objc; name = CCParallaxNode.m; path = libs/cocos2d/CCParallaxNode.m; sourceTree = "<group>"; };
		18BB7C44155344F100E43DA7 /* CCParticleExamples.h */ = {isa = PBXFileReference; name = CCParticleExamples.h; path = libs/cocos2d/CCParticleExamples.h; sourceTree = "<group>"; };
		18BB7C45155344F100E43DA7 /* CCParticleExamples.m */ = {isa = PBXFileReference; lastKnownFileType = sourcecode.c.objc; name = CCParticleExamples.m; path = libs/cocos2d/CCParticleExamples.m; sourceTree = "<group>"; };
		18BB7C47155344F100E43DA7 /* CCParticleSystem.h */ = {isa = PBXFileReference; name = CCParticleSystem.h; path = libs/cocos2d/CCParticleSystem.h; sourceTree = "<group>"; };
		18BB7C48155344F100E43DA7 /* CCParticleSystem.m */ = {isa = PBXFileReference; lastKnownFileType = sourcecode.c.objc; name = CCParticleSystem.m; path = libs/cocos2d/CCParticleSystem.m; sourceTree = "<group>"; };
		18BB7C4A155344F100E43DA7 /* CCParticleSystemPoint.h */ = {isa = PBXFileReference; name = CCParticleSystemPoint.h; path = libs/cocos2d/CCParticleSystemPoint.h; sourceTree = "<group>"; };
		18BB7C4B155344F100E43DA7 /* CCParticleSystemPoint.m */ = {isa = PBXFileReference; lastKnownFileType = sourcecode.c.objc; name = CCParticleSystemPoint.m; path = libs/cocos2d/CCParticleSystemPoint.m; sourceTree = "<group>"; };
		18BB7C4D155344F100E43DA7 /* CCParticleSystemQuad.h */ = {isa = PBXFileReference; name = CCParticleSystemQuad.h; path = libs/cocos2d/CCParticleSystemQuad.h; sourceTree = "<group>"; };
		18BB7C4E155344F100E43DA7 /* CCParticleSystemQuad.m */ = {isa = PBXFileReference; lastKnownFileType = sourcecode.c.objc; name = CCParticleSystemQuad.m; path = libs/cocos2d/CCParticleSystemQuad.m; sourceTree = "<group>"; };
		18BB7C50155344F100E43DA7 /* CCProgressTimer.h */ = {isa = PBXFileReference; name = CCProgressTimer.h; path = libs/cocos2d/CCProgressTimer.h; sourceTree = "<group>"; };
		18BB7C51155344F100E43DA7 /* CCProgressTimer.m */ = {isa = PBXFileReference; lastKnownFileType = sourcecode.c.objc; name = CCProgressTimer.m; path = libs/cocos2d/CCProgressTimer.m; sourceTree = "<group>"; };
		18BB7C53155344F100E43DA7 /* CCProtocols.h */ = {isa = PBXFileReference; name = CCProtocols.h; path = libs/cocos2d/CCProtocols.h; sourceTree = "<group>"; };
		18BB7C54155344F100E43DA7 /* CCRenderTexture.h */ = {isa = PBXFileReference; name = CCRenderTexture.h; path = libs/cocos2d/CCRenderTexture.h; sourceTree = "<group>"; };
		18BB7C55155344F100E43DA7 /* CCRenderTexture.m */ = {isa = PBXFileReference; lastKnownFileType = sourcecode.c.objc; name = CCRenderTexture.m; path = libs/cocos2d/CCRenderTexture.m; sourceTree = "<group>"; };
		18BB7C57155344F100E43DA7 /* CCRibbon.h */ = {isa = PBXFileReference; name = CCRibbon.h; path = libs/cocos2d/CCRibbon.h; sourceTree = "<group>"; };
		18BB7C58155344F100E43DA7 /* CCRibbon.m */ = {isa = PBXFileReference; lastKnownFileType = sourcecode.c.objc; name = CCRibbon.m; path = libs/cocos2d/CCRibbon.m; sourceTree = "<group>"; };
		18BB7C5A155344F100E43DA7 /* CCScene.h */ = {isa = PBXFileReference; name = CCScene.h; path = libs/cocos2d/CCScene.h; sourceTree = "<group>"; };
		18BB7C5B155344F100E43DA7 /* CCScene.m */ = {isa = PBXFileReference; lastKnownFileType = sourcecode.c.objc; name = CCScene.m; path = libs/cocos2d/CCScene.m; sourceTree = "<group>"; };
		18BB7C5D155344F100E43DA7 /* CCScheduler.h */ = {isa = PBXFileReference; name = CCScheduler.h; path = libs/cocos2d/CCScheduler.h; sourceTree = "<group>"; };
		18BB7C5E155344F100E43DA7 /* CCScheduler.m */ = {isa = PBXFileReference; lastKnownFileType = sourcecode.c.objc; name = CCScheduler.m; path = libs/cocos2d/CCScheduler.m; sourceTree = "<group>"; };
		18BB7C60155344F100E43DA7 /* CCSprite.h */ = {isa = PBXFileReference; name = CCSprite.h; path = libs/cocos2d/CCSprite.h; sourceTree = "<group>"; };
		18BB7C61155344F100E43DA7 /* CCSprite.m */ = {isa = PBXFileReference; lastKnownFileType = sourcecode.c.objc; name = CCSprite.m; path = libs/cocos2d/CCSprite.m; sourceTree = "<group>"; };
		18BB7C63155344F100E43DA7 /* CCSpriteBatchNode.h */ = {isa = PBXFileReference; name = CCSpriteBatchNode.h; path = libs/cocos2d/CCSpriteBatchNode.h; sourceTree = "<group>"; };
		18BB7C64155344F200E43DA7 /* CCSpriteBatchNode.m */ = {isa = PBXFileReference; lastKnownFileType = sourcecode.c.objc; name = CCSpriteBatchNode.m; path = libs/cocos2d/CCSpriteBatchNode.m; sourceTree = "<group>"; };
		18BB7C66155344F200E43DA7 /* CCSpriteFrame.h */ = {isa = PBXFileReference; name = CCSpriteFrame.h; path = libs/cocos2d/CCSpriteFrame.h; sourceTree = "<group>"; };
		18BB7C67155344F200E43DA7 /* CCSpriteFrame.m */ = {isa = PBXFileReference; lastKnownFileType = sourcecode.c.objc; name = CCSpriteFrame.m; path = libs/cocos2d/CCSpriteFrame.m; sourceTree = "<group>"; };
		18BB7C69155344F200E43DA7 /* CCSpriteFrameCache.h */ = {isa = PBXFileReference; name = CCSpriteFrameCache.h; path = libs/cocos2d/CCSpriteFrameCache.h; sourceTree = "<group>"; };
		18BB7C6A155344F200E43DA7 /* CCSpriteFrameCache.m */ = {isa = PBXFileReference; lastKnownFileType = sourcecode.c.objc; name = CCSpriteFrameCache.m; path = libs/cocos2d/CCSpriteFrameCache.m; sourceTree = "<group>"; };
		18BB7C6C155344F200E43DA7 /* CCTexture2D.h */ = {isa = PBXFileReference; name = CCTexture2D.h; path = libs/cocos2d/CCTexture2D.h; sourceTree = "<group>"; };
		18BB7C6D155344F200E43DA7 /* CCTexture2D.m */ = {isa = PBXFileReference; lastKnownFileType = sourcecode.c.objc; name = CCTexture2D.m; path = libs/cocos2d/CCTexture2D.m; sourceTree = "<group>"; };
		18BB7C6F155344F200E43DA7 /* CCTextureAtlas.h */ = {isa = PBXFileReference; name = CCTextureAtlas.h; path = libs/cocos2d/CCTextureAtlas.h; sourceTree = "<group>"; };
		18BB7C70155344F200E43DA7 /* CCTextureAtlas.m */ = {isa = PBXFileReference; lastKnownFileType = sourcecode.c.objc; name = CCTextureAtlas.m; path = libs/cocos2d/CCTextureAtlas.m; sourceTree = "<group>"; };
		18BB7C72155344F200E43DA7 /* CCTextureCache.h */ = {isa = PBXFileReference; name = CCTextureCache.h; path = libs/cocos2d/CCTextureCache.h; sourceTree = "<group>"; };
		18BB7C73155344F200E43DA7 /* CCTextureCache.m */ = {isa = PBXFileReference; lastKnownFileType = sourcecode.c.objc; name = CCTextureCache.m; path = libs/cocos2d/CCTextureCache.m; sourceTree = "<group>"; };
		18BB7C75155344F200E43DA7 /* CCTexturePVR.h */ = {isa = PBXFileReference; name = CCTexturePVR.h; path = libs/cocos2d/CCTexturePVR.h; sourceTree = "<group>"; };
		18BB7C76155344F200E43DA7 /* CCTexturePVR.m */ = {isa = PBXFileReference; lastKnownFileType = sourcecode.c.objc; name = CCTexturePVR.m; path = libs/cocos2d/CCTexturePVR.m; sourceTree = "<group>"; };
		18BB7C78155344F200E43DA7 /* CCTileMapAtlas.h */ = {isa = PBXFileReference; name = CCTileMapAtlas.h; path = libs/cocos2d/CCTileMapAtlas.h; sourceTree = "<group>"; };
		18BB7C79155344F200E43DA7 /* CCTileMapAtlas.m */ = {isa = PBXFileReference; lastKnownFileType = sourcecode.c.objc; name = CCTileMapAtlas.m; path = libs/cocos2d/CCTileMapAtlas.m; sourceTree = "<group>"; };
		18BB7C7B155344F200E43DA7 /* CCTMXLayer.h */ = {isa = PBXFileReference; name = CCTMXLayer.h; path = libs/cocos2d/CCTMXLayer.h; sourceTree = "<group>"; };
		18BB7C7C155344F200E43DA7 /* CCTMXLayer.m */ = {isa = PBXFileReference; lastKnownFileType = sourcecode.c.objc; name = CCTMXLayer.m; path = libs/cocos2d/CCTMXLayer.m; sourceTree = "<group>"; };
		18BB7C7E155344F200E43DA7 /* CCTMXObjectGroup.h */ = {isa = PBXFileReference; name = CCTMXObjectGroup.h; path = libs/cocos2d/CCTMXObjectGroup.h; sourceTree = "<group>"; };
		18BB7C7F155344F200E43DA7 /* CCTMXObjectGroup.m */ = {isa = PBXFileReference; lastKnownFileType = sourcecode.c.objc; name = CCTMXObjectGroup.m; path = libs/cocos2d/CCTMXObjectGroup.m; sourceTree = "<group>"; };
		18BB7C81155344F200E43DA7 /* CCTMXTiledMap.h */ = {isa = PBXFileReference; name = CCTMXTiledMap.h; path = libs/cocos2d/CCTMXTiledMap.h; sourceTree = "<group>"; };
		18BB7C82155344F200E43DA7 /* CCTMXTiledMap.m */ = {isa = PBXFileReference; lastKnownFileType = sourcecode.c.objc; name = CCTMXTiledMap.m; path = libs/cocos2d/CCTMXTiledMap.m; sourceTree = "<group>"; };
		18BB7C84155344F200E43DA7 /* CCTMXXMLParser.h */ = {isa = PBXFileReference; name = CCTMXXMLParser.h; path = libs/cocos2d/CCTMXXMLParser.h; sourceTree = "<group>"; };
		18BB7C85155344F200E43DA7 /* CCTMXXMLParser.m */ = {isa = PBXFileReference; lastKnownFileType = sourcecode.c.objc; name = CCTMXXMLParser.m; path = libs/cocos2d/CCTMXXMLParser.m; sourceTree = "<group>"; };
		18BB7C87155344F200E43DA7 /* CCTransition.h */ = {isa = PBXFileReference; name = CCTransition.h; path = libs/cocos2d/CCTransition.h; sourceTree = "<group>"; };
		18BB7C88155344F200E43DA7 /* CCTransition.m */ = {isa = PBXFileReference; lastKnownFileType = sourcecode.c.objc; name = CCTransition.m; path = libs/cocos2d/CCTransition.m; sourceTree = "<group>"; };
		18BB7C8A155344F200E43DA7 /* CCTransitionPageTurn.h */ = {isa = PBXFileReference; name = CCTransitionPageTurn.h; path = libs/cocos2d/CCTransitionPageTurn.h; sourceTree = "<group>"; };
		18BB7C8B155344F200E43DA7 /* CCTransitionPageTurn.m */ = {isa = PBXFileReference; lastKnownFileType = sourcecode.c.objc; name = CCTransitionPageTurn.m; path = libs/cocos2d/CCTransitionPageTurn.m; sourceTree = "<group>"; };
		18BB7C8D155344F200E43DA7 /* CCTransitionRadial.h */ = {isa = PBXFileReference; name = CCTransitionRadial.h; path = libs/cocos2d/CCTransitionRadial.h; sourceTree = "<group>"; };
		18BB7C8E155344F200E43DA7 /* CCTransitionRadial.m */ = {isa = PBXFileReference; lastKnownFileType = sourcecode.c.objc; name = CCTransitionRadial.m; path = libs/cocos2d/CCTransitionRadial.m; sourceTree = "<group>"; };
		18BB7C90155344F200E43DA7 /* ccTypes.h */ = {isa = PBXFileReference; name = ccTypes.h; path = libs/cocos2d/ccTypes.h; sourceTree = "<group>"; };
		18BB7C91155344F200E43DA7 /* cocos2d.h */ = {isa = PBXFileReference; name = cocos2d.h; path = libs/cocos2d/cocos2d.h; sourceTree = "<group>"; };
		18BB7C92155344F200E43DA7 /* cocos2d.m */ = {isa = PBXFileReference; lastKnownFileType = sourcecode.c.objc; name = cocos2d.m; path = libs/cocos2d/cocos2d.m; sourceTree = "<group>"; };
		18BB7C95155344F200E43DA7 /* CCGL.h */ = {isa = PBXFileReference; name = CCGL.h; path = libs/cocos2d/Platforms/CCGL.h; sourceTree = "<group>"; };
		18BB7C96155344F200E43DA7 /* CCNS.h */ = {isa = PBXFileReference; name = CCNS.h; path = libs/cocos2d/Platforms/CCNS.h; sourceTree = "<group>"; };
		18BB7C98155344F200E43DA7 /* CCDirectorIOS.h */ = {isa = PBXFileReference; name = CCDirectorIOS.h; path = libs/cocos2d/Platforms/iOS/CCDirectorIOS.h; sourceTree = "<group>"; };
		18BB7C99155344F200E43DA7 /* CCDirectorIOS.m */ = {isa = PBXFileReference; lastKnownFileType = sourcecode.c.objc; name = CCDirectorIOS.m; path = libs/cocos2d/Platforms/iOS/CCDirectorIOS.m; sourceTree = "<group>"; };
		18BB7C9B155344F200E43DA7 /* CCTouchDelegateProtocol.h */ = {isa = PBXFileReference; name = CCTouchDelegateProtocol.h; path = libs/cocos2d/Platforms/iOS/CCTouchDelegateProtocol.h; sourceTree = "<group>"; };
		18BB7C9C155344F200E43DA7 /* CCTouchDispatcher.h */ = {isa = PBXFileReference; name = CCTouchDispatcher.h; path = libs/cocos2d/Platforms/iOS/CCTouchDispatcher.h; sourceTree = "<group>"; };
		18BB7C9D155344F200E43DA7 /* CCTouchDispatcher.m */ = {isa = PBXFileReference; lastKnownFileType = sourcecode.c.objc; name = CCTouchDispatcher.m; path = libs/cocos2d/Platforms/iOS/CCTouchDispatcher.m; sourceTree = "<group>"; };
		18BB7C9F155344F200E43DA7 /* CCTouchHandler.h */ = {isa = PBXFileReference; name = CCTouchHandler.h; path = libs/cocos2d/Platforms/iOS/CCTouchHandler.h; sourceTree = "<group>"; };
		18BB7CA0155344F200E43DA7 /* CCTouchHandler.m */ = {isa = PBXFileReference; lastKnownFileType = sourcecode.c.objc; name = CCTouchHandler.m; path = libs/cocos2d/Platforms/iOS/CCTouchHandler.m; sourceTree = "<group>"; };
		18BB7CA2155344F200E43DA7 /* EAGLView.h */ = {isa = PBXFileReference; name = EAGLView.h; path = libs/cocos2d/Platforms/iOS/EAGLView.h; sourceTree = "<group>"; };
		18BB7CA3155344F200E43DA7 /* EAGLView.m */ = {isa = PBXFileReference; lastKnownFileType = sourcecode.c.objc; name = EAGLView.m; path = libs/cocos2d/Platforms/iOS/EAGLView.m; sourceTree = "<group>"; };
		18BB7CA5155344F200E43DA7 /* ES1Renderer.h */ = {isa = PBXFileReference; name = ES1Renderer.h; path = libs/cocos2d/Platforms/iOS/ES1Renderer.h; sourceTree = "<group>"; };
		18BB7CA6155344F200E43DA7 /* ES1Renderer.m */ = {isa = PBXFileReference; lastKnownFileType = sourcecode.c.objc; name = ES1Renderer.m; path = libs/cocos2d/Platforms/iOS/ES1Renderer.m; sourceTree = "<group>"; };
		18BB7CA8155344F200E43DA7 /* ESRenderer.h */ = {isa = PBXFileReference; name = ESRenderer.h; path = libs/cocos2d/Platforms/iOS/ESRenderer.h; sourceTree = "<group>"; };
		18BB7CA9155344F200E43DA7 /* glu.c */ = {isa = PBXFileReference; lastKnownFileType = sourcecode.c.c; name = glu.c; path = libs/cocos2d/Platforms/iOS/glu.c; sourceTree = "<group>"; };
		18BB7CAB155344F200E43DA7 /* glu.h */ = {isa = PBXFileReference; name = glu.h; path = libs/cocos2d/Platforms/iOS/glu.h; sourceTree = "<group>"; };
		18BB7CAD155344F200E43DA7 /* CCDirectorMac.h */ = {isa = PBXFileReference; name = CCDirectorMac.h; path = libs/cocos2d/Platforms/Mac/CCDirectorMac.h; sourceTree = "<group>"; };
		18BB7CAE155344F200E43DA7 /* CCDirectorMac.m */ = {isa = PBXFileReference; lastKnownFileType = sourcecode.c.objc; name = CCDirectorMac.m; path = libs/cocos2d/Platforms/Mac/CCDirectorMac.m; sourceTree = "<group>"; };
		18BB7CB0155344F200E43DA7 /* CCEventDispatcher.h */ = {isa = PBXFileReference; name = CCEventDispatcher.h; path = libs/cocos2d/Platforms/Mac/CCEventDispatcher.h; sourceTree = "<group>"; };
		18BB7CB1155344F200E43DA7 /* CCEventDispatcher.m */ = {isa = PBXFileReference; lastKnownFileType = sourcecode.c.objc; name = CCEventDispatcher.m; path = libs/cocos2d/Platforms/Mac/CCEventDispatcher.m; sourceTree = "<group>"; };
		18BB7CB3155344F200E43DA7 /* MacGLView.h */ = {isa = PBXFileReference; name = MacGLView.h; path = libs/cocos2d/Platforms/Mac/MacGLView.h; sourceTree = "<group>"; };
		18BB7CB4155344F200E43DA7 /* MacGLView.m */ = {isa = PBXFileReference; lastKnownFileType = sourcecode.c.objc; name = MacGLView.m; path = libs/cocos2d/Platforms/Mac/MacGLView.m; sourceTree = "<group>"; };
		18BB7CB6155344F200E43DA7 /* MacWindow.h */ = {isa = PBXFileReference; name = MacWindow.h; path = libs/cocos2d/Platforms/Mac/MacWindow.h; sourceTree = "<group>"; };
		18BB7CB7155344F200E43DA7 /* MacWindow.m */ = {isa = PBXFileReference; lastKnownFileType = sourcecode.c.objc; name = MacWindow.m; path = libs/cocos2d/Platforms/Mac/MacWindow.m; sourceTree = "<group>"; };
		18BB7CBA155344F200E43DA7 /* base64.c */ = {isa = PBXFileReference; lastKnownFileType = sourcecode.c.c; name = base64.c; path = libs/cocos2d/Support/base64.c; sourceTree = "<group>"; };
		18BB7CBC155344F200E43DA7 /* base64.h */ = {isa = PBXFileReference; name = base64.h; path = libs/cocos2d/Support/base64.h; sourceTree = "<group>"; };
		18BB7CBD155344F200E43DA7 /* CCArray.h */ = {isa = PBXFileReference; name = CCArray.h; path = libs/cocos2d/Support/CCArray.h; sourceTree = "<group>"; };
		18BB7CBE155344F200E43DA7 /* CCArray.m */ = {isa = PBXFileReference; lastKnownFileType = sourcecode.c.objc; name = CCArray.m; path = libs/cocos2d/Support/CCArray.m; sourceTree = "<group>"; };
		18BB7CC0155344F200E43DA7 /* ccCArray.h */ = {isa = PBXFileReference; name = ccCArray.h; path = libs/cocos2d/Support/ccCArray.h; sourceTree = "<group>"; };
		18BB7CC1155344F200E43DA7 /* CCFileUtils.h */ = {isa = PBXFileReference; name = CCFileUtils.h; path = libs/cocos2d/Support/CCFileUtils.h; sourceTree = "<group>"; };
		18BB7CC2155344F200E43DA7 /* CCFileUtils.m */ = {isa = PBXFileReference; lastKnownFileType = sourcecode.c.objc; name = CCFileUtils.m; path = libs/cocos2d/Support/CCFileUtils.m; sourceTree = "<group>"; };
		18BB7CC4155344F200E43DA7 /* CCProfiling.h */ = {isa = PBXFileReference; name = CCProfiling.h; path = libs/cocos2d/Support/CCProfiling.h; sourceTree = "<group>"; };
		18BB7CC5155344F200E43DA7 /* CCProfiling.m */ = {isa = PBXFileReference; lastKnownFileType = sourcecode.c.objc; name = CCProfiling.m; path = libs/cocos2d/Support/CCProfiling.m; sourceTree = "<group>"; };
		18BB7CC7155344F200E43DA7 /* ccUtils.c */ = {isa = PBXFileReference; lastKnownFileType = sourcecode.c.c; name = ccUtils.c; path = libs/cocos2d/Support/ccUtils.c; sourceTree = "<group>"; };
		18BB7CC9155344F200E43DA7 /* ccUtils.h */ = {isa = PBXFileReference; name = ccUtils.h; path = libs/cocos2d/Support/ccUtils.h; sourceTree = "<group>"; };
		18BB7CCA155344F200E43DA7 /* CGPointExtension.h */ = {isa = PBXFileReference; name = CGPointExtension.h; path = libs/cocos2d/Support/CGPointExtension.h; sourceTree = "<group>"; };
		18BB7CCB155344F200E43DA7 /* CGPointExtension.m */ = {isa = PBXFileReference; lastKnownFileType = sourcecode.c.objc; name = CGPointExtension.m; path = libs/cocos2d/Support/CGPointExtension.m; sourceTree = "<group>"; };
		18BB7CCD155344F200E43DA7 /* OpenGL_Internal.h */ = {isa = PBXFileReference; name = OpenGL_Internal.h; path = libs/cocos2d/Support/OpenGL_Internal.h; sourceTree = "<group>"; };
		18BB7CCE155344F200E43DA7 /* TGAlib.h */ = {isa = PBXFileReference; name = TGAlib.h; path = libs/cocos2d/Support/TGAlib.h; sourceTree = "<group>"; };
		18BB7CCF155344F200E43DA7 /* TGAlib.m */ = {isa = PBXFileReference; lastKnownFileType = sourcecode.c.objc; name = TGAlib.m; path = libs/cocos2d/Support/TGAlib.m; sourceTree = "<group>"; };
		18BB7CD1155344F200E43DA7 /* TransformUtils.h */ = {isa = PBXFileReference; name = TransformUtils.h; path = libs/cocos2d/Support/TransformUtils.h; sourceTree = "<group>"; };
		18BB7CD2155344F200E43DA7 /* TransformUtils.m */ = {isa = PBXFileReference; lastKnownFileType = sourcecode.c.objc; name = TransformUtils.m; path = libs/cocos2d/Support/TransformUtils.m; sourceTree = "<group>"; };
		18BB7CD4155344F200E43DA7 /* uthash.h */ = {isa = PBXFileReference; name = uthash.h; path = libs/cocos2d/Support/uthash.h; sourceTree = "<group>"; };
		18BB7CD5155344F200E43DA7 /* utlist.h */ = {isa = PBXFileReference; name = utlist.h; path = libs/cocos2d/Support/utlist.h; sourceTree = "<group>"; };
		18BB7CD6155344F200E43DA7 /* ZipUtils.h */ = {isa = PBXFileReference; name = ZipUtils.h; path = libs/cocos2d/Support/ZipUtils.h; sourceTree = "<group>"; };
		18BB7CD7155344F200E43DA7 /* ZipUtils.m */ = {isa = PBXFileReference; lastKnownFileType = sourcecode.c.objc; name = ZipUtils.m; path = libs/cocos2d/Support/ZipUtils.m; sourceTree = "<group>"; };
		18BB7CD9155344F200E43DA7 /* LICENSE_cocos2d.txt */ = {isa = PBXFileReference; name = LICENSE_cocos2d.txt; path = libs/LICENSE_cocos2d.txt; sourceTree = "<group>"; };
		18BB7CDB155344F200E43DA7 /* CDAudioManager.h */ = {isa = PBXFileReference; name = CDAudioManager.h; path = libs/CocosDenshion/CDAudioManager.h; sourceTree = "<group>"; };
		18BB7CDC155344F200E43DA7 /* CDAudioManager.m */ = {isa = PBXFileReference; lastKnownFileType = sourcecode.c.objc; name = CDAudioManager.m; path = libs/CocosDenshion/CDAudioManager.m; sourceTree = "<group>"; };
		18BB7CDE155344F200E43DA7 /* CDConfig.h */ = {isa = PBXFileReference; name = CDConfig.h; path = libs/CocosDenshion/CDConfig.h; sourceTree = "<group>"; };
		18BB7CDF155344F200E43DA7 /* CDOpenALSupport.h */ = {isa = PBXFileReference; name = CDOpenALSupport.h; path = libs/CocosDenshion/CDOpenALSupport.h; sourceTree = "<group>"; };
		18BB7CE0155344F200E43DA7 /* CDOpenALSupport.m */ = {isa = PBXFileReference; lastKnownFileType = sourcecode.c.objc; name = CDOpenALSupport.m; path = libs/CocosDenshion/CDOpenALSupport.m; sourceTree = "<group>"; };
		18BB7CE2155344F200E43DA7 /* CocosDenshion.h */ = {isa = PBXFileReference; name = CocosDenshion.h; path = libs/CocosDenshion/CocosDenshion.h; sourceTree = "<group>"; };
		18BB7CE3155344F200E43DA7 /* CocosDenshion.m */ = {isa = PBXFileReference; lastKnownFileType = sourcecode.c.objc; name = CocosDenshion.m; path = libs/CocosDenshion/CocosDenshion.m; sourceTree = "<group>"; };
		18BB7CE5155344F200E43DA7 /* SimpleAudioEngine.h */ = {isa = PBXFileReference; name = SimpleAudioEngine.h; path = libs/CocosDenshion/SimpleAudioEngine.h; sourceTree = "<group>"; };
		18BB7CE6155344F200E43DA7 /* SimpleAudioEngine.m */ = {isa = PBXFileReference; lastKnownFileType = sourcecode.c.objc; name = SimpleAudioEngine.m; path = libs/CocosDenshion/SimpleAudioEngine.m; sourceTree = "<group>"; };
		18BB7CE8155344F200E43DA7 /* LICENSE_CocosDenshion.txt */ = {isa = PBXFileReference; name = LICENSE_CocosDenshion.txt; path = libs/LICENSE_CocosDenshion.txt; sourceTree = "<group>"; };
		18BB7CEA155344F200E43DA7 /* CLScoreServerPost.h */ = {isa = PBXFileReference; name = CLScoreServerPost.h; path = libs/cocoslive/CLScoreServerPost.h; sourceTree = "<group>"; };
		18BB7CEB155344F200E43DA7 /* CLScoreServerPost.m */ = {isa = PBXFileReference; lastKnownFileType = sourcecode.c.objc; name = CLScoreServerPost.m; path = libs/cocoslive/CLScoreServerPost.m; sourceTree = "<group>"; };
		18BB7CED155344F200E43DA7 /* CLScoreServerRequest.h */ = {isa = PBXFileReference; name = CLScoreServerRequest.h; path = libs/cocoslive/CLScoreServerRequest.h; sourceTree = "<group>"; };
		18BB7CEE155344F200E43DA7 /* CLScoreServerRequest.m */ = {isa = PBXFileReference; lastKnownFileType = sourcecode.c.objc; name = CLScoreServerRequest.m; path = libs/cocoslive/CLScoreServerRequest.m; sourceTree = "<group>"; };
		18BB7CF0155344F200E43DA7 /* cocoslive.h */ = {isa = PBXFileReference; name = cocoslive.h; path = libs/cocoslive/cocoslive.h; sourceTree = "<group>"; };
		18BB7CF1155344F200E43DA7 /* cocoslive.m */ = {isa = PBXFileReference; lastKnownFileType = sourcecode.c.objc; name = cocoslive.m; path = libs/cocoslive/cocoslive.m; sourceTree = "<group>"; };
		18BB7CF3155344F200E43DA7 /* LICENSE_TouchJSON.txt */ = {isa = PBXFileReference; name = LICENSE_TouchJSON.txt; path = libs/LICENSE_TouchJSON.txt; sourceTree = "<group>"; };
		18BB7CF5155344F200E43DA7 /* CDataScanner.h */ = {isa = PBXFileReference; name = CDataScanner.h; path = libs/TouchJSON/CDataScanner.h; sourceTree = "<group>"; };
		18BB7CF6155344F200E43DA7 /* CDataScanner.m */ = {isa = PBXFileReference; lastKnownFileType = sourcecode.c.objc; name = CDataScanner.m; path = libs/TouchJSON/CDataScanner.m; sourceTree = "<group>"; };
		18BB7CF9155344F200E43DA7 /* CDataScanner_Extensions.h */ = {isa = PBXFileReference; name = CDataScanner_Extensions.h; path = libs/TouchJSON/Extensions/CDataScanner_Extensions.h; sourceTree = "<group>"; };
		18BB7CFA155344F200E43DA7 /* CDataScanner_Extensions.m */ = {isa = PBXFileReference; lastKnownFileType = sourcecode.c.objc; name = CDataScanner_Extensions.m; path = libs/TouchJSON/Extensions/CDataScanner_Extensions.m; sourceTree = "<group>"; };
		18BB7CFC155344F200E43DA7 /* NSDictionary_JSONExtensions.h */ = {isa = PBXFileReference; name = NSDictionary_JSONExtensions.h; path = libs/TouchJSON/Extensions/NSDictionary_JSONExtensions.h; sourceTree = "<group>"; };
		18BB7CFD155344F200E43DA7 /* NSDictionary_JSONExtensions.m */ = {isa = PBXFileReference; lastKnownFileType = sourcecode.c.objc; name = NSDictionary_JSONExtensions.m; path = libs/TouchJSON/Extensions/NSDictionary_JSONExtensions.m; sourceTree = "<group>"; };
		18BB7D00155344F200E43DA7 /* CJSONDeserializer.h */ = {isa = PBXFileReference; name = CJSONDeserializer.h; path = libs/TouchJSON/JSON/CJSONDeserializer.h; sourceTree = "<group>"; };
		18BB7D01155344F200E43DA7 /* CJSONDeserializer.m */ = {isa = PBXFileReference; lastKnownFileType = sourcecode.c.objc; name = CJSONDeserializer.m; path = libs/TouchJSON/JSON/CJSONDeserializer.m; sourceTree = "<group>"; };
		18BB7D03155344F200E43DA7 /* CJSONScanner.h */ = {isa = PBXFileReference; name = CJSONScanner.h; path = libs/TouchJSON/JSON/CJSONScanner.h; sourceTree = "<group>"; };
		18BB7D04155344F200E43DA7 /* CJSONScanner.m */ = {isa = PBXFileReference; lastKnownFileType = sourcecode.c.objc; name = CJSONScanner.m; path = libs/TouchJSON/JSON/CJSONScanner.m; sourceTree = "<group>"; };
		18BB7D06155344F200E43DA7 /* CJSONSerializer.h */ = {isa = PBXFileReference; name = CJSONSerializer.h; path = libs/TouchJSON/JSON/CJSONSerializer.h; sourceTree = "<group>"; };
		18BB7D07155344F200E43DA7 /* CJSONSerializer.m */ = {isa = PBXFileReference; lastKnownFileType = sourcecode.c.objc; name = CJSONSerializer.m; path = libs/TouchJSON/JSON/CJSONSerializer.m; sourceTree = "<group>"; };
		18BB7D09155344F200E43DA7 /* JSONRepresentation.h */ = {isa = PBXFileReference; name = JSONRepresentation.h; path = libs/TouchJSON/JSON/JSONRepresentation.h; sourceTree = "<group>"; };
		18BB7D0B155344F200E43DA7 /* FontLabel.h */ = {isa = PBXFileReference; name = FontLabel.h; path = libs/FontLabel/FontLabel.h; sourceTree = "<group>"; };
		18BB7D0C155344F200E43DA7 /* FontLabel.m */ = {isa = PBXFileReference; lastKnownFileType = sourcecode.c.objc; name = FontLabel.m; path = libs/FontLabel/FontLabel.m; sourceTree = "<group>"; };
		18BB7D0E155344F200E43DA7 /* FontLabelStringDrawing.h */ = {isa = PBXFileReference; name = FontLabelStringDrawing.h; path = libs/FontLabel/FontLabelStringDrawing.h; sourceTree = "<group>"; };
		18BB7D0F155344F300E43DA7 /* FontLabelStringDrawing.m */ = {isa = PBXFileReference; lastKnownFileType = sourcecode.c.objc; name = FontLabelStringDrawing.m; path = libs/FontLabel/FontLabelStringDrawing.m; sourceTree = "<group>"; };
		18BB7D11155344F300E43DA7 /* FontManager.h */ = {isa = PBXFileReference; name = FontManager.h; path = libs/FontLabel/FontManager.h; sourceTree = "<group>"; };
		18BB7D12155344F300E43DA7 /* FontManager.m */ = {isa = PBXFileReference; lastKnownFileType = sourcecode.c.objc; name = FontManager.m; path = libs/FontLabel/FontManager.m; sourceTree = "<group>"; };
		18BB7D14155344F300E43DA7 /* ZAttributedString.h */ = {isa = PBXFileReference; name = ZAttributedString.h; path = libs/FontLabel/ZAttributedString.h; sourceTree = "<group>"; };
		18BB7D15155344F300E43DA7 /* ZAttributedString.m */ = {isa = PBXFileReference; lastKnownFileType = sourcecode.c.objc; name = ZAttributedString.m; path = libs/FontLabel/ZAttributedString.m; sourceTree = "<group>"; };
		18BB7D17155344F300E43DA7 /* ZAttributedStringPrivate.h */ = {isa = PBXFileReference; name = ZAttributedStringPrivate.h; path = libs/FontLabel/ZAttributedStringPrivate.h; sourceTree = "<group>"; };
		18BB7D18155344F300E43DA7 /* ZFont.h */ = {isa = PBXFileReference; name = ZFont.h; path = libs/FontLabel/ZFont.h; sourceTree = "<group>"; };
		18BB7D19155344F300E43DA7 /* ZFont.m */ = {isa = PBXFileReference; lastKnownFileType = sourcecode.c.objc; name = ZFont.m; path = libs/FontLabel/ZFont.m; sourceTree = "<group>"; };
		18BB7D1B155344F300E43DA7 /* LICENSE_FontLabel.txt */ = {isa = PBXFileReference; name = LICENSE_FontLabel.txt; path = libs/LICENSE_FontLabel.txt; sourceTree = "<group>"; };
		18BB7D1D155344F300E43DA7 /* Prefix.pch */ = {isa = PBXFileReference; path = Prefix.pch; sourceTree = "<group>"; };
		18BB7D1E155344F300E43DA7 /* main.m */ = {isa = PBXFileReference; lastKnownFileType = sourcecode.c.objc; path = main.m; sourceTree = "<group>"; };
		18BB7D20155344F300E43DA7 /* AppDelegate.h */ = {isa = PBXFileReference; path = AppDelegate.h; sourceTree = "<group>"; };
		18BB7D21155344F300E43DA7 /* AppDelegate.m */ = {isa = PBXFileReference; lastKnownFileType = sourcecode.c.objc; path = AppDelegate.m; sourceTree = "<group>"; };
		18BB7D23155344F300E43DA7 /* RootViewController.h */ = {isa = PBXFileReference; path = RootViewController.h; sourceTree = "<group>"; };
		18BB7D24155344F300E43DA7 /* RootViewController.m */ = {isa = PBXFileReference; lastKnownFileType = sourcecode.c.objc; path = RootViewController.m; sourceTree = "<group>"; };
		18BB7D26155344F300E43DA7 /* HelloWorldLayer.h */ = {isa = PBXFileReference; path = HelloWorldLayer.h; sourceTree = "<group>"; };
		18BB7D27155344F300E43DA7 /* HelloWorldLayer.m */ = {isa = PBXFileReference; lastKnownFileType = sourcecode.c.objc; path = HelloWorldLayer.m; sourceTree = "<group>"; };
		18BB7D29155344F300E43DA7 /* GameConfig.h */ = {isa = PBXFileReference; path = GameConfig.h; sourceTree = "<group>"; };
/* End PBXFileReference section */

/* Begin PBXFrameworksBuildPhase section */
		18BB7BB7155344F000E43DA7 /* Frameworks */ = {
			isa = PBXFrameworksBuildPhase;
			buildActionMask = 2147483647;
			files = (
				18BB7BBF155344F100E43DA7 /* QuartzCore.framework in Frameworks */,
				18BB7BC1155344F100E43DA7 /* OpenGLES.framework in Frameworks */,
				18BB7BC3155344F100E43DA7 /* OpenAL.framework in Frameworks */,
				18BB7BC5155344F100E43DA7 /* AudioToolbox.framework in Frameworks */,
				18BB7BC7155344F100E43DA7 /* AVFoundation.framework in Frameworks */,
				18BB7BC9155344F100E43DA7 /* UIKit.framework in Frameworks */,
				18BB7BCB155344F100E43DA7 /* Foundation.framework in Frameworks */,
				18BB7BCD155344F100E43DA7 /* CoreGraphics.framework in Frameworks */,
			);
			runOnlyForDeploymentPostprocessing = 0;
		};
/* End PBXFrameworksBuildPhase section */

/* Begin PBXGroup section */
		18BB7BAF155344F000E43DA7 = {
			isa = PBXGroup;
			children = (
				18BB7BCE155344F100E43DA7 /* Keydom */,
				18BB7BBD155344F000E43DA7 /* Frameworks */,
				18BB7BBB155344F000E43DA7 /* Products */,
			);
			sourceTree = "<group>";
		};
		18BB7BBB155344F000E43DA7 /* Products */ = {
			isa = PBXGroup;
			children = (
				18BB7BBA155344F000E43DA7 /* Keydom.app */,
			);
			name = Products;
			sourceTree = "<group>";
		};
		18BB7BBD155344F000E43DA7 /* Frameworks */ = {
			isa = PBXGroup;
			children = (
				18BB7BBE155344F100E43DA7 /* QuartzCore.framework */,
				18BB7BC0155344F100E43DA7 /* OpenGLES.framework */,
				18BB7BC2155344F100E43DA7 /* OpenAL.framework */,
				18BB7BC4155344F100E43DA7 /* AudioToolbox.framework */,
				18BB7BC6155344F100E43DA7 /* AVFoundation.framework */,
				18BB7BC8155344F100E43DA7 /* UIKit.framework */,
				18BB7BCA155344F100E43DA7 /* Foundation.framework */,
				18BB7BCC155344F100E43DA7 /* CoreGraphics.framework */,
			);
			name = Frameworks;
			sourceTree = "<group>";
		};
		18BB7BCE155344F100E43DA7 /* Keydom */ = {
			isa = PBXGroup;
			children = (
				18BB7D20155344F300E43DA7 /* AppDelegate.h */,
				18BB7D21155344F300E43DA7 /* AppDelegate.m */,
				18BB7D23155344F300E43DA7 /* RootViewController.h */,
				18BB7D24155344F300E43DA7 /* RootViewController.m */,
				18BB7D26155344F300E43DA7 /* HelloWorldLayer.h */,
				18BB7D27155344F300E43DA7 /* HelloWorldLayer.m */,
				18BB7D29155344F300E43DA7 /* GameConfig.h */,
				18BB7BCF155344F100E43DA7 /* Resources */,
				18BB7BE3155344F100E43DA7 /* libs */,
				18BB7D1C155344F300E43DA7 /* Supporting Files */,
			);
			path = Keydom;
			sourceTree = "<group>";
		};
		18BB7BCF155344F100E43DA7 /* Resources */ = {
			isa = PBXGroup;
			children = (
				18BB7BD0155344F100E43DA7 /* Default.png */,
				18BB7BD2155344F100E43DA7 /* fps_images.png */,
				18BB7BD4155344F100E43DA7 /* Icon-72.png */,
				18BB7BD6155344F100E43DA7 /* Icon-Small-50.png */,
				18BB7BD8155344F100E43DA7 /* Icon-Small.png */,
				18BB7BDA155344F100E43DA7 /* Icon-Small@2x.png */,
				18BB7BDC155344F100E43DA7 /* Icon.png */,
				18BB7BDE155344F100E43DA7 /* Icon@2x.png */,
				18BB7BE0155344F100E43DA7 /* Info.plist */,
				18BB7BE1155344F100E43DA7 /* iTunesArtwork */,
			);
			name = Resources;
			sourceTree = "<group>";
		};
		18BB7BE3155344F100E43DA7 /* libs */ = {
			isa = PBXGroup;
			children = (
				18BB7CD9155344F200E43DA7 /* LICENSE_cocos2d.txt */,
				18BB7CE8155344F200E43DA7 /* LICENSE_CocosDenshion.txt */,
				18BB7CF3155344F200E43DA7 /* LICENSE_TouchJSON.txt */,
				18BB7D1B155344F300E43DA7 /* LICENSE_FontLabel.txt */,
				18BB7BE4155344F100E43DA7 /* cocos2d */,
				18BB7CDA155344F200E43DA7 /* CocosDenshion */,
				18BB7CE9155344F200E43DA7 /* cocoslive */,
				18BB7CF4155344F200E43DA7 /* TouchJSON */,
				18BB7D0A155344F200E43DA7 /* FontLabel */,
			);
			name = libs;
			sourceTree = "<group>";
		};
		18BB7BE4155344F100E43DA7 /* cocos2d */ = {
			isa = PBXGroup;
			children = (
				18BB7BE5155344F100E43DA7 /* CCAction.h */,
				18BB7BE6155344F100E43DA7 /* CCAction.m */,
				18BB7BE8155344F100E43DA7 /* CCActionCamera.h */,
				18BB7BE9155344F100E43DA7 /* CCActionCamera.m */,
				18BB7BEB155344F100E43DA7 /* CCActionEase.h */,
				18BB7BEC155344F100E43DA7 /* CCActionEase.m */,
				18BB7BEE155344F100E43DA7 /* CCActionGrid.h */,
				18BB7BEF155344F100E43DA7 /* CCActionGrid.m */,
				18BB7BF1155344F100E43DA7 /* CCActionGrid3D.h */,
				18BB7BF2155344F100E43DA7 /* CCActionGrid3D.m */,
				18BB7BF4155344F100E43DA7 /* CCActionInstant.h */,
				18BB7BF5155344F100E43DA7 /* CCActionInstant.m */,
				18BB7BF7155344F100E43DA7 /* CCActionInterval.h */,
				18BB7BF8155344F100E43DA7 /* CCActionInterval.m */,
				18BB7BFA155344F100E43DA7 /* CCActionManager.h */,
				18BB7BFB155344F100E43DA7 /* CCActionManager.m */,
				18BB7BFD155344F100E43DA7 /* CCActionPageTurn3D.h */,
				18BB7BFE155344F100E43DA7 /* CCActionPageTurn3D.m */,
				18BB7C00155344F100E43DA7 /* CCActionProgressTimer.h */,
				18BB7C01155344F100E43DA7 /* CCActionProgressTimer.m */,
				18BB7C03155344F100E43DA7 /* CCActionTiledGrid.h */,
				18BB7C04155344F100E43DA7 /* CCActionTiledGrid.m */,
				18BB7C06155344F100E43DA7 /* CCActionTween.h */,
				18BB7C07155344F100E43DA7 /* CCActionTween.m */,
				18BB7C09155344F100E43DA7 /* CCAnimation.h */,
				18BB7C0A155344F100E43DA7 /* CCAnimation.m */,
				18BB7C0C155344F100E43DA7 /* CCAnimationCache.h */,
				18BB7C0D155344F100E43DA7 /* CCAnimationCache.m */,
				18BB7C0F155344F100E43DA7 /* CCAtlasNode.h */,
				18BB7C10155344F100E43DA7 /* CCAtlasNode.m */,
				18BB7C12155344F100E43DA7 /* CCBlockSupport.h */,
				18BB7C13155344F100E43DA7 /* CCBlockSupport.m */,
				18BB7C15155344F100E43DA7 /* CCCamera.h */,
				18BB7C16155344F100E43DA7 /* CCCamera.m */,
				18BB7C18155344F100E43DA7 /* ccConfig.h */,
				18BB7C19155344F100E43DA7 /* CCConfiguration.h */,
				18BB7C1A155344F100E43DA7 /* CCConfiguration.m */,
				18BB7C1C155344F100E43DA7 /* CCDirector.h */,
				18BB7C1D155344F100E43DA7 /* CCDirector.m */,
				18BB7C1F155344F100E43DA7 /* CCDrawingPrimitives.h */,
				18BB7C20155344F100E43DA7 /* CCDrawingPrimitives.m */,
				18BB7C22155344F100E43DA7 /* CCGrabber.h */,
				18BB7C23155344F100E43DA7 /* CCGrabber.m */,
				18BB7C25155344F100E43DA7 /* CCGrid.h */,
				18BB7C26155344F100E43DA7 /* CCGrid.m */,
				18BB7C28155344F100E43DA7 /* CCLabelAtlas.h */,
				18BB7C29155344F100E43DA7 /* CCLabelAtlas.m */,
				18BB7C2B155344F100E43DA7 /* CCLabelBMFont.h */,
				18BB7C2C155344F100E43DA7 /* CCLabelBMFont.m */,
				18BB7C2E155344F100E43DA7 /* CCLabelTTF.h */,
				18BB7C2F155344F100E43DA7 /* CCLabelTTF.m */,
				18BB7C31155344F100E43DA7 /* CCLayer.h */,
				18BB7C32155344F100E43DA7 /* CCLayer.m */,
				18BB7C34155344F100E43DA7 /* ccMacros.h */,
				18BB7C35155344F100E43DA7 /* CCMenu.h */,
				18BB7C36155344F100E43DA7 /* CCMenu.m */,
				18BB7C38155344F100E43DA7 /* CCMenuItem.h */,
				18BB7C39155344F100E43DA7 /* CCMenuItem.m */,
				18BB7C3B155344F100E43DA7 /* CCMotionStreak.h */,
				18BB7C3C155344F100E43DA7 /* CCMotionStreak.m */,
				18BB7C3E155344F100E43DA7 /* CCNode.h */,
				18BB7C3F155344F100E43DA7 /* CCNode.m */,
				18BB7C41155344F100E43DA7 /* CCParallaxNode.h */,
				18BB7C42155344F100E43DA7 /* CCParallaxNode.m */,
				18BB7C44155344F100E43DA7 /* CCParticleExamples.h */,
				18BB7C45155344F100E43DA7 /* CCParticleExamples.m */,
				18BB7C47155344F100E43DA7 /* CCParticleSystem.h */,
				18BB7C48155344F100E43DA7 /* CCParticleSystem.m */,
				18BB7C4A155344F100E43DA7 /* CCParticleSystemPoint.h */,
				18BB7C4B155344F100E43DA7 /* CCParticleSystemPoint.m */,
				18BB7C4D155344F100E43DA7 /* CCParticleSystemQuad.h */,
				18BB7C4E155344F100E43DA7 /* CCParticleSystemQuad.m */,
				18BB7C50155344F100E43DA7 /* CCProgressTimer.h */,
				18BB7C51155344F100E43DA7 /* CCProgressTimer.m */,
				18BB7C53155344F100E43DA7 /* CCProtocols.h */,
				18BB7C54155344F100E43DA7 /* CCRenderTexture.h */,
				18BB7C55155344F100E43DA7 /* CCRenderTexture.m */,
				18BB7C57155344F100E43DA7 /* CCRibbon.h */,
				18BB7C58155344F100E43DA7 /* CCRibbon.m */,
				18BB7C5A155344F100E43DA7 /* CCScene.h */,
				18BB7C5B155344F100E43DA7 /* CCScene.m */,
				18BB7C5D155344F100E43DA7 /* CCScheduler.h */,
				18BB7C5E155344F100E43DA7 /* CCScheduler.m */,
				18BB7C60155344F100E43DA7 /* CCSprite.h */,
				18BB7C61155344F100E43DA7 /* CCSprite.m */,
				18BB7C63155344F100E43DA7 /* CCSpriteBatchNode.h */,
				18BB7C64155344F200E43DA7 /* CCSpriteBatchNode.m */,
				18BB7C66155344F200E43DA7 /* CCSpriteFrame.h */,
				18BB7C67155344F200E43DA7 /* CCSpriteFrame.m */,
				18BB7C69155344F200E43DA7 /* CCSpriteFrameCache.h */,
				18BB7C6A155344F200E43DA7 /* CCSpriteFrameCache.m */,
				18BB7C6C155344F200E43DA7 /* CCTexture2D.h */,
				18BB7C6D155344F200E43DA7 /* CCTexture2D.m */,
				18BB7C6F155344F200E43DA7 /* CCTextureAtlas.h */,
				18BB7C70155344F200E43DA7 /* CCTextureAtlas.m */,
				18BB7C72155344F200E43DA7 /* CCTextureCache.h */,
				18BB7C73155344F200E43DA7 /* CCTextureCache.m */,
				18BB7C75155344F200E43DA7 /* CCTexturePVR.h */,
				18BB7C76155344F200E43DA7 /* CCTexturePVR.m */,
				18BB7C78155344F200E43DA7 /* CCTileMapAtlas.h */,
				18BB7C79155344F200E43DA7 /* CCTileMapAtlas.m */,
				18BB7C7B155344F200E43DA7 /* CCTMXLayer.h */,
				18BB7C7C155344F200E43DA7 /* CCTMXLayer.m */,
				18BB7C7E155344F200E43DA7 /* CCTMXObjectGroup.h */,
				18BB7C7F155344F200E43DA7 /* CCTMXObjectGroup.m */,
				18BB7C81155344F200E43DA7 /* CCTMXTiledMap.h */,
				18BB7C82155344F200E43DA7 /* CCTMXTiledMap.m */,
				18BB7C84155344F200E43DA7 /* CCTMXXMLParser.h */,
				18BB7C85155344F200E43DA7 /* CCTMXXMLParser.m */,
				18BB7C87155344F200E43DA7 /* CCTransition.h */,
				18BB7C88155344F200E43DA7 /* CCTransition.m */,
				18BB7C8A155344F200E43DA7 /* CCTransitionPageTurn.h */,
				18BB7C8B155344F200E43DA7 /* CCTransitionPageTurn.m */,
				18BB7C8D155344F200E43DA7 /* CCTransitionRadial.h */,
				18BB7C8E155344F200E43DA7 /* CCTransitionRadial.m */,
				18BB7C90155344F200E43DA7 /* ccTypes.h */,
				18BB7C91155344F200E43DA7 /* cocos2d.h */,
				18BB7C92155344F200E43DA7 /* cocos2d.m */,
				18BB7C94155344F200E43DA7 /* Platforms */,
				18BB7CB9155344F200E43DA7 /* Support */,
			);
			name = cocos2d;
			sourceTree = "<group>";
		};
		18BB7C94155344F200E43DA7 /* Platforms */ = {
			isa = PBXGroup;
			children = (
				18BB7C95155344F200E43DA7 /* CCGL.h */,
				18BB7C96155344F200E43DA7 /* CCNS.h */,
				18BB7C97155344F200E43DA7 /* iOS */,
				18BB7CAC155344F200E43DA7 /* Mac */,
			);
			name = Platforms;
			sourceTree = "<group>";
		};
		18BB7C97155344F200E43DA7 /* iOS */ = {
			isa = PBXGroup;
			children = (
				18BB7C98155344F200E43DA7 /* CCDirectorIOS.h */,
				18BB7C99155344F200E43DA7 /* CCDirectorIOS.m */,
				18BB7C9B155344F200E43DA7 /* CCTouchDelegateProtocol.h */,
				18BB7C9C155344F200E43DA7 /* CCTouchDispatcher.h */,
				18BB7C9D155344F200E43DA7 /* CCTouchDispatcher.m */,
				18BB7C9F155344F200E43DA7 /* CCTouchHandler.h */,
				18BB7CA0155344F200E43DA7 /* CCTouchHandler.m */,
				18BB7CA2155344F200E43DA7 /* EAGLView.h */,
				18BB7CA3155344F200E43DA7 /* EAGLView.m */,
				18BB7CA5155344F200E43DA7 /* ES1Renderer.h */,
				18BB7CA6155344F200E43DA7 /* ES1Renderer.m */,
				18BB7CA8155344F200E43DA7 /* ESRenderer.h */,
				18BB7CA9155344F200E43DA7 /* glu.c */,
				18BB7CAB155344F200E43DA7 /* glu.h */,
			);
			name = iOS;
			sourceTree = "<group>";
		};
		18BB7CAC155344F200E43DA7 /* Mac */ = {
			isa = PBXGroup;
			children = (
				18BB7CAD155344F200E43DA7 /* CCDirectorMac.h */,
				18BB7CAE155344F200E43DA7 /* CCDirectorMac.m */,
				18BB7CB0155344F200E43DA7 /* CCEventDispatcher.h */,
				18BB7CB1155344F200E43DA7 /* CCEventDispatcher.m */,
				18BB7CB3155344F200E43DA7 /* MacGLView.h */,
				18BB7CB4155344F200E43DA7 /* MacGLView.m */,
				18BB7CB6155344F200E43DA7 /* MacWindow.h */,
				18BB7CB7155344F200E43DA7 /* MacWindow.m */,
			);
			name = Mac;
			sourceTree = "<group>";
		};
		18BB7CB9155344F200E43DA7 /* Support */ = {
			isa = PBXGroup;
			children = (
				18BB7CBA155344F200E43DA7 /* base64.c */,
				18BB7CBC155344F200E43DA7 /* base64.h */,
				18BB7CBD155344F200E43DA7 /* CCArray.h */,
				18BB7CBE155344F200E43DA7 /* CCArray.m */,
				18BB7CC0155344F200E43DA7 /* ccCArray.h */,
				18BB7CC1155344F200E43DA7 /* CCFileUtils.h */,
				18BB7CC2155344F200E43DA7 /* CCFileUtils.m */,
				18BB7CC4155344F200E43DA7 /* CCProfiling.h */,
				18BB7CC5155344F200E43DA7 /* CCProfiling.m */,
				18BB7CC7155344F200E43DA7 /* ccUtils.c */,
				18BB7CC9155344F200E43DA7 /* ccUtils.h */,
				18BB7CCA155344F200E43DA7 /* CGPointExtension.h */,
				18BB7CCB155344F200E43DA7 /* CGPointExtension.m */,
				18BB7CCD155344F200E43DA7 /* OpenGL_Internal.h */,
				18BB7CCE155344F200E43DA7 /* TGAlib.h */,
				18BB7CCF155344F200E43DA7 /* TGAlib.m */,
				18BB7CD1155344F200E43DA7 /* TransformUtils.h */,
				18BB7CD2155344F200E43DA7 /* TransformUtils.m */,
				18BB7CD4155344F200E43DA7 /* uthash.h */,
				18BB7CD5155344F200E43DA7 /* utlist.h */,
				18BB7CD6155344F200E43DA7 /* ZipUtils.h */,
				18BB7CD7155344F200E43DA7 /* ZipUtils.m */,
			);
			name = Support;
			sourceTree = "<group>";
		};
		18BB7CDA155344F200E43DA7 /* CocosDenshion */ = {
			isa = PBXGroup;
			children = (
				18BB7CDB155344F200E43DA7 /* CDAudioManager.h */,
				18BB7CDC155344F200E43DA7 /* CDAudioManager.m */,
				18BB7CDE155344F200E43DA7 /* CDConfig.h */,
				18BB7CDF155344F200E43DA7 /* CDOpenALSupport.h */,
				18BB7CE0155344F200E43DA7 /* CDOpenALSupport.m */,
				18BB7CE2155344F200E43DA7 /* CocosDenshion.h */,
				18BB7CE3155344F200E43DA7 /* CocosDenshion.m */,
				18BB7CE5155344F200E43DA7 /* SimpleAudioEngine.h */,
				18BB7CE6155344F200E43DA7 /* SimpleAudioEngine.m */,
			);
			name = CocosDenshion;
			sourceTree = "<group>";
		};
		18BB7CE9155344F200E43DA7 /* cocoslive */ = {
			isa = PBXGroup;
			children = (
				18BB7CEA155344F200E43DA7 /* CLScoreServerPost.h */,
				18BB7CEB155344F200E43DA7 /* CLScoreServerPost.m */,
				18BB7CED155344F200E43DA7 /* CLScoreServerRequest.h */,
				18BB7CEE155344F200E43DA7 /* CLScoreServerRequest.m */,
				18BB7CF0155344F200E43DA7 /* cocoslive.h */,
				18BB7CF1155344F200E43DA7 /* cocoslive.m */,
			);
			name = cocoslive;
			sourceTree = "<group>";
		};
		18BB7CF4155344F200E43DA7 /* TouchJSON */ = {
			isa = PBXGroup;
			children = (
				18BB7CF5155344F200E43DA7 /* CDataScanner.h */,
				18BB7CF6155344F200E43DA7 /* CDataScanner.m */,
				18BB7CF8155344F200E43DA7 /* Extensions */,
				18BB7CFF155344F200E43DA7 /* JSON */,
			);
			name = TouchJSON;
			sourceTree = "<group>";
		};
		18BB7CF8155344F200E43DA7 /* Extensions */ = {
			isa = PBXGroup;
			children = (
				18BB7CF9155344F200E43DA7 /* CDataScanner_Extensions.h */,
				18BB7CFA155344F200E43DA7 /* CDataScanner_Extensions.m */,
				18BB7CFC155344F200E43DA7 /* NSDictionary_JSONExtensions.h */,
				18BB7CFD155344F200E43DA7 /* NSDictionary_JSONExtensions.m */,
			);
			name = Extensions;
			sourceTree = "<group>";
		};
		18BB7CFF155344F200E43DA7 /* JSON */ = {
			isa = PBXGroup;
			children = (
				18BB7D00155344F200E43DA7 /* CJSONDeserializer.h */,
				18BB7D01155344F200E43DA7 /* CJSONDeserializer.m */,
				18BB7D03155344F200E43DA7 /* CJSONScanner.h */,
				18BB7D04155344F200E43DA7 /* CJSONScanner.m */,
				18BB7D06155344F200E43DA7 /* CJSONSerializer.h */,
				18BB7D07155344F200E43DA7 /* CJSONSerializer.m */,
				18BB7D09155344F200E43DA7 /* JSONRepresentation.h */,
			);
			name = JSON;
			sourceTree = "<group>";
		};
		18BB7D0A155344F200E43DA7 /* FontLabel */ = {
			isa = PBXGroup;
			children = (
				18BB7D0B155344F200E43DA7 /* FontLabel.h */,
				18BB7D0C155344F200E43DA7 /* FontLabel.m */,
				18BB7D0E155344F200E43DA7 /* FontLabelStringDrawing.h */,
				18BB7D0F155344F300E43DA7 /* FontLabelStringDrawing.m */,
				18BB7D11155344F300E43DA7 /* FontManager.h */,
				18BB7D12155344F300E43DA7 /* FontManager.m */,
				18BB7D14155344F300E43DA7 /* ZAttributedString.h */,
				18BB7D15155344F300E43DA7 /* ZAttributedString.m */,
				18BB7D17155344F300E43DA7 /* ZAttributedStringPrivate.h */,
				18BB7D18155344F300E43DA7 /* ZFont.h */,
				18BB7D19155344F300E43DA7 /* ZFont.m */,
			);
			name = FontLabel;
			sourceTree = "<group>";
		};
		18BB7D1C155344F300E43DA7 /* Supporting Files */ = {
			isa = PBXGroup;
			children = (
				18BB7D1D155344F300E43DA7 /* Prefix.pch */,
				18BB7D1E155344F300E43DA7 /* main.m */,
			);
			name = "Supporting Files";
			sourceTree = "<group>";
		};
/* End PBXGroup section */

/* Begin PBXNativeTarget section */
		18BB7BB9155344F000E43DA7 /* Keydom */ = {
			isa = PBXNativeTarget;
			buildConfigurationList = 18BB7D2C155344F300E43DA7 /* Build configuration list for PBXNativeTarget "Keydom" */;
			buildPhases = (
				18BB7BB6155344F000E43DA7 /* Sources */,
				18BB7BB7155344F000E43DA7 /* Frameworks */,
				18BB7BB8155344F000E43DA7 /* Resources */,
			);
			buildRules = (
			);
			dependencies = (
			);
			name = Keydom;
			productName = Keydom;
			productReference = 18BB7BBA155344F000E43DA7 /* Keydom.app */;
			productType = "com.apple.product-type.application";
		};
/* End PBXNativeTarget section */

/* Begin PBXProject section */
		18BB7BB1155344F000E43DA7 /* Project object */ = {
			isa = PBXProject;
			attributes = {
				LastUpgradeCheck = 0420;
			};
			buildConfigurationList = 18BB7BB4155344F000E43DA7 /* Build configuration list for PBXProject "Keydom" */;
			compatibilityVersion = "Xcode 3.2";
			developmentRegion = English;
			hasScannedForEncodings = 0;
			knownRegions = (
				en,
			);
			mainGroup = 18BB7BAF155344F000E43DA7;
			productRefGroup = 18BB7BBB155344F000E43DA7 /* Products */;
			projectDirPath = "";
			projectRoot = "";
			targets = (
				18BB7BB9155344F000E43DA7 /* Keydom */,
			);
		};
/* End PBXProject section */

/* Begin PBXResourcesBuildPhase section */
		18BB7BB8155344F000E43DA7 /* Resources */ = {
			isa = PBXResourcesBuildPhase;
			buildActionMask = 2147483647;
			files = (
				18BB7BD1155344F100E43DA7 /* Default.png in Resources */,
				18BB7BD3155344F100E43DA7 /* fps_images.png in Resources */,
				18BB7BD5155344F100E43DA7 /* Icon-72.png in Resources */,
				18BB7BD7155344F100E43DA7 /* Icon-Small-50.png in Resources */,
				18BB7BD9155344F100E43DA7 /* Icon-Small.png in Resources */,
				18BB7BDB155344F100E43DA7 /* Icon-Small@2x.png in Resources */,
				18BB7BDD155344F100E43DA7 /* Icon.png in Resources */,
				18BB7BDF155344F100E43DA7 /* Icon@2x.png in Resources */,
				18BB7BE2155344F100E43DA7 /* iTunesArtwork in Resources */,
			);
			runOnlyForDeploymentPostprocessing = 0;
		};
/* End PBXResourcesBuildPhase section */

/* Begin PBXSourcesBuildPhase section */
		18BB7BB6155344F000E43DA7 /* Sources */ = {
			isa = PBXSourcesBuildPhase;
			buildActionMask = 2147483647;
			files = (
				18BB7BE7155344F100E43DA7 /* CCAction.m in Sources */,
				18BB7BEA155344F100E43DA7 /* CCActionCamera.m in Sources */,
				18BB7BED155344F100E43DA7 /* CCActionEase.m in Sources */,
				18BB7BF0155344F100E43DA7 /* CCActionGrid.m in Sources */,
				18BB7BF3155344F100E43DA7 /* CCActionGrid3D.m in Sources */,
				18BB7BF6155344F100E43DA7 /* CCActionInstant.m in Sources */,
				18BB7BF9155344F100E43DA7 /* CCActionInterval.m in Sources */,
				18BB7BFC155344F100E43DA7 /* CCActionManager.m in Sources */,
				18BB7BFF155344F100E43DA7 /* CCActionPageTurn3D.m in Sources */,
				18BB7C02155344F100E43DA7 /* CCActionProgressTimer.m in Sources */,
				18BB7C05155344F100E43DA7 /* CCActionTiledGrid.m in Sources */,
				18BB7C08155344F100E43DA7 /* CCActionTween.m in Sources */,
				18BB7C0B155344F100E43DA7 /* CCAnimation.m in Sources */,
				18BB7C0E155344F100E43DA7 /* CCAnimationCache.m in Sources */,
				18BB7C11155344F100E43DA7 /* CCAtlasNode.m in Sources */,
				18BB7C14155344F100E43DA7 /* CCBlockSupport.m in Sources */,
				18BB7C17155344F100E43DA7 /* CCCamera.m in Sources */,
				18BB7C1B155344F100E43DA7 /* CCConfiguration.m in Sources */,
				18BB7C1E155344F100E43DA7 /* CCDirector.m in Sources */,
				18BB7C21155344F100E43DA7 /* CCDrawingPrimitives.m in Sources */,
				18BB7C24155344F100E43DA7 /* CCGrabber.m in Sources */,
				18BB7C27155344F100E43DA7 /* CCGrid.m in Sources */,
				18BB7C2A155344F100E43DA7 /* CCLabelAtlas.m in Sources */,
				18BB7C2D155344F100E43DA7 /* CCLabelBMFont.m in Sources */,
				18BB7C30155344F100E43DA7 /* CCLabelTTF.m in Sources */,
				18BB7C33155344F100E43DA7 /* CCLayer.m in Sources */,
				18BB7C37155344F100E43DA7 /* CCMenu.m in Sources */,
				18BB7C3A155344F100E43DA7 /* CCMenuItem.m in Sources */,
				18BB7C3D155344F100E43DA7 /* CCMotionStreak.m in Sources */,
				18BB7C40155344F100E43DA7 /* CCNode.m in Sources */,
				18BB7C43155344F100E43DA7 /* CCParallaxNode.m in Sources */,
				18BB7C46155344F100E43DA7 /* CCParticleExamples.m in Sources */,
				18BB7C49155344F100E43DA7 /* CCParticleSystem.m in Sources */,
				18BB7C4C155344F100E43DA7 /* CCParticleSystemPoint.m in Sources */,
				18BB7C4F155344F100E43DA7 /* CCParticleSystemQuad.m in Sources */,
				18BB7C52155344F100E43DA7 /* CCProgressTimer.m in Sources */,
				18BB7C56155344F100E43DA7 /* CCRenderTexture.m in Sources */,
				18BB7C59155344F100E43DA7 /* CCRibbon.m in Sources */,
				18BB7C5C155344F100E43DA7 /* CCScene.m in Sources */,
				18BB7C5F155344F100E43DA7 /* CCScheduler.m in Sources */,
				18BB7C62155344F100E43DA7 /* CCSprite.m in Sources */,
				18BB7C65155344F200E43DA7 /* CCSpriteBatchNode.m in Sources */,
				18BB7C68155344F200E43DA7 /* CCSpriteFrame.m in Sources */,
				18BB7C6B155344F200E43DA7 /* CCSpriteFrameCache.m in Sources */,
				18BB7C6E155344F200E43DA7 /* CCTexture2D.m in Sources */,
				18BB7C71155344F200E43DA7 /* CCTextureAtlas.m in Sources */,
				18BB7C74155344F200E43DA7 /* CCTextureCache.m in Sources */,
				18BB7C77155344F200E43DA7 /* CCTexturePVR.m in Sources */,
				18BB7C7A155344F200E43DA7 /* CCTileMapAtlas.m in Sources */,
				18BB7C7D155344F200E43DA7 /* CCTMXLayer.m in Sources */,
				18BB7C80155344F200E43DA7 /* CCTMXObjectGroup.m in Sources */,
				18BB7C83155344F200E43DA7 /* CCTMXTiledMap.m in Sources */,
				18BB7C86155344F200E43DA7 /* CCTMXXMLParser.m in Sources */,
				18BB7C89155344F200E43DA7 /* CCTransition.m in Sources */,
				18BB7C8C155344F200E43DA7 /* CCTransitionPageTurn.m in Sources */,
				18BB7C8F155344F200E43DA7 /* CCTransitionRadial.m in Sources */,
				18BB7C93155344F200E43DA7 /* cocos2d.m in Sources */,
				18BB7C9A155344F200E43DA7 /* CCDirectorIOS.m in Sources */,
				18BB7C9E155344F200E43DA7 /* CCTouchDispatcher.m in Sources */,
				18BB7CA1155344F200E43DA7 /* CCTouchHandler.m in Sources */,
				18BB7CA4155344F200E43DA7 /* EAGLView.m in Sources */,
				18BB7CA7155344F200E43DA7 /* ES1Renderer.m in Sources */,
				18BB7CAA155344F200E43DA7 /* glu.c in Sources */,
				18BB7CAF155344F200E43DA7 /* CCDirectorMac.m in Sources */,
				18BB7CB2155344F200E43DA7 /* CCEventDispatcher.m in Sources */,
				18BB7CB5155344F200E43DA7 /* MacGLView.m in Sources */,
				18BB7CB8155344F200E43DA7 /* MacWindow.m in Sources */,
				18BB7CBB155344F200E43DA7 /* base64.c in Sources */,
				18BB7CBF155344F200E43DA7 /* CCArray.m in Sources */,
				18BB7CC3155344F200E43DA7 /* CCFileUtils.m in Sources */,
				18BB7CC6155344F200E43DA7 /* CCProfiling.m in Sources */,
				18BB7CC8155344F200E43DA7 /* ccUtils.c in Sources */,
				18BB7CCC155344F200E43DA7 /* CGPointExtension.m in Sources */,
				18BB7CD0155344F200E43DA7 /* TGAlib.m in Sources */,
				18BB7CD3155344F200E43DA7 /* TransformUtils.m in Sources */,
				18BB7CD8155344F200E43DA7 /* ZipUtils.m in Sources */,
				18BB7CDD155344F200E43DA7 /* CDAudioManager.m in Sources */,
				18BB7CE1155344F200E43DA7 /* CDOpenALSupport.m in Sources */,
				18BB7CE4155344F200E43DA7 /* CocosDenshion.m in Sources */,
				18BB7CE7155344F200E43DA7 /* SimpleAudioEngine.m in Sources */,
				18BB7CEC155344F200E43DA7 /* CLScoreServerPost.m in Sources */,
				18BB7CEF155344F200E43DA7 /* CLScoreServerRequest.m in Sources */,
				18BB7CF2155344F200E43DA7 /* cocoslive.m in Sources */,
				18BB7CF7155344F200E43DA7 /* CDataScanner.m in Sources */,
				18BB7CFB155344F200E43DA7 /* CDataScanner_Extensions.m in Sources */,
				18BB7CFE155344F200E43DA7 /* NSDictionary_JSONExtensions.m in Sources */,
				18BB7D02155344F200E43DA7 /* CJSONDeserializer.m in Sources */,
				18BB7D05155344F200E43DA7 /* CJSONScanner.m in Sources */,
				18BB7D08155344F200E43DA7 /* CJSONSerializer.m in Sources */,
				18BB7D0D155344F200E43DA7 /* FontLabel.m in Sources */,
				18BB7D10155344F300E43DA7 /* FontLabelStringDrawing.m in Sources */,
				18BB7D13155344F300E43DA7 /* FontManager.m in Sources */,
				18BB7D16155344F300E43DA7 /* ZAttributedString.m in Sources */,
				18BB7D1A155344F300E43DA7 /* ZFont.m in Sources */,
				18BB7D1F155344F300E43DA7 /* main.m in Sources */,
				18BB7D22155344F300E43DA7 /* AppDelegate.m in Sources */,
				18BB7D25155344F300E43DA7 /* RootViewController.m in Sources */,
				18BB7D28155344F300E43DA7 /* HelloWorldLayer.m in Sources */,
			);
			runOnlyForDeploymentPostprocessing = 0;
		};
/* End PBXSourcesBuildPhase section */

/* Begin XCBuildConfiguration section */
		18BB7D2A155344F300E43DA7 /* Debug */ = {
			isa = XCBuildConfiguration;
			buildSettings = {
				ARCHS = "$(ARCHS_STANDARD_32_BIT)";
				"CODE_SIGN_IDENTITY[sdk=iphoneos*]" = "iPhone Developer";
				GCC_C_LANGUAGE_STANDARD = gnu99;
				GCC_OPTIMIZATION_LEVEL = 0;
				GCC_PREPROCESSOR_DEFINITIONS = (
					DEBUG,
					"COCOS2D_DEBUG=1",
				);
				GCC_SYMBOLS_PRIVATE_EXTERN = NO;
				GCC_VERSION = com.apple.compilers.llvmgcc42;
				GCC_WARN_ABOUT_RETURN_TYPE = YES;
				GCC_WARN_UNUSED_VARIABLE = YES;
				IPHONEOS_DEPLOYMENT_TARGET = 5.0;
				SDKROOT = iphoneos;
			};
			name = Debug;
		};
		18BB7D2B155344F300E43DA7 /* Release */ = {
			isa = XCBuildConfiguration;
			buildSettings = {
				ARCHS = "$(ARCHS_STANDARD_32_BIT)";
				"CODE_SIGN_IDENTITY[sdk=iphoneos*]" = "iPhone Developer";
				GCC_C_LANGUAGE_STANDARD = gnu99;
				GCC_PREPROCESSOR_DEFINITIONS = NDEBUG;
				GCC_VERSION = com.apple.compilers.llvmgcc42;
				GCC_WARN_ABOUT_RETURN_TYPE = YES;
				GCC_WARN_UNUSED_VARIABLE = YES;
				IPHONEOS_DEPLOYMENT_TARGET = 5.0;
				OTHER_CFLAGS = "-DNS_BLOCK_ASSERTIONS=1";
				SDKROOT = iphoneos;
			};
			name = Release;
		};
		18BB7D2D155344F300E43DA7 /* Debug */ = {
			isa = XCBuildConfiguration;
			buildSettings = {
				ALWAYS_SEARCH_USER_PATHS = NO;
				COPY_PHASE_STRIP = NO;
				GCC_DYNAMIC_NO_PIC = NO;
				GCC_PRECOMPILE_PREFIX_HEADER = YES;
				GCC_PREFIX_HEADER = Keydom/Prefix.pch;
				"GCC_THUMB_SUPPORT[arch=armv6]" = "";
				INFOPLIST_FILE = Keydom/Resources/Info.plist;
				OTHER_LDFLAGS = "-lz";
				PRODUCT_NAME = "$(TARGET_NAME)";
				WRAPPER_EXTENSION = app;
			};
			name = Debug;
		};
		18BB7D2E155344F300E43DA7 /* Release */ = {
			isa = XCBuildConfiguration;
			buildSettings = {
				ALWAYS_SEARCH_USER_PATHS = NO;
				COPY_PHASE_STRIP = YES;
				GCC_PRECOMPILE_PREFIX_HEADER = YES;
				GCC_PREFIX_HEADER = Keydom/Prefix.pch;
				"GCC_THUMB_SUPPORT[arch=armv6]" = "";
				INFOPLIST_FILE = Keydom/Resources/Info.plist;
				OTHER_LDFLAGS = "-lz";
				PRODUCT_NAME = "$(TARGET_NAME)";
				VALIDATE_PRODUCT = YES;
				WRAPPER_EXTENSION = app;
			};
			name = Release;
		};
/* End XCBuildConfiguration section */

/* Begin XCConfigurationList section */
		18BB7BB4155344F000E43DA7 /* Build configuration list for PBXProject "Keydom" */ = {
			isa = XCConfigurationList;
			buildConfigurations = (
				18BB7D2A155344F300E43DA7 /* Debug */,
				18BB7D2B155344F300E43DA7 /* Release */,
			);
			defaultConfigurationIsVisible = 0;
			defaultConfigurationName = Release;
		};
		18BB7D2C155344F300E43DA7 /* Build configuration list for PBXNativeTarget "Keydom" */ = {
			isa = XCConfigurationList;
			buildConfigurations = (
				18BB7D2D155344F300E43DA7 /* Debug */,
				18BB7D2E155344F300E43DA7 /* Release */,
			);
			defaultConfigurationIsVisible = 0;
		};
/* End XCConfigurationList section */
	};
	rootObject = 18BB7BB1155344F000E43DA7 /* Project object */;
}
